// !$*UTF8*$!
{
	archiveVersion = 1;
	classes = {
	};
	objectVersion = 46;
	objects = {

/* Begin PBXBuildFile section */
		32DD03FF1B9F890000B98D7E /* AppDelegate.swift in Sources */ = {isa = PBXBuildFile; fileRef = 32DD03FE1B9F890000B98D7E /* AppDelegate.swift */; };
		32DD04041B9F890000B98D7E /* Main.storyboard in Resources */ = {isa = PBXBuildFile; fileRef = 32DD04021B9F890000B98D7E /* Main.storyboard */; };
		32DD04061B9F890000B98D7E /* Images.xcassets in Resources */ = {isa = PBXBuildFile; fileRef = 32DD04051B9F890000B98D7E /* Images.xcassets */; };
		32DD04091B9F890000B98D7E /* LaunchScreen.xib in Resources */ = {isa = PBXBuildFile; fileRef = 32DD04071B9F890000B98D7E /* LaunchScreen.xib */; };
		32DD04151B9F890000B98D7E /* CognitoSyncDemoTests.swift in Sources */ = {isa = PBXBuildFile; fileRef = 32DD04141B9F890000B98D7E /* CognitoSyncDemoTests.swift */; };
		32DD041F1B9F909200B98D7E /* CognitoHomeViewController.swift in Sources */ = {isa = PBXBuildFile; fileRef = 32DD041E1B9F909200B98D7E /* CognitoHomeViewController.swift */; };
		32DD04211B9F9F6100B98D7E /* AmazonClientManager.swift in Sources */ = {isa = PBXBuildFile; fileRef = 32DD04201B9F9F6100B98D7E /* AmazonClientManager.swift */; };
		32DD04271BA0D0DD00B98D7E /* Constants.swift in Sources */ = {isa = PBXBuildFile; fileRef = 32DD04261BA0D0DD00B98D7E /* Constants.swift */; };
		32DD042F1BA0E18000B98D7E /* Crypto.m in Sources */ = {isa = PBXBuildFile; fileRef = 32DD042A1BA0E18000B98D7E /* Crypto.m */; };
		32DD04301BA0E18000B98D7E /* DeveloperAuthenticatedIdentityProvider.m in Sources */ = {isa = PBXBuildFile; fileRef = 32DD042C1BA0E18000B98D7E /* DeveloperAuthenticatedIdentityProvider.m */; };
		32DD04311BA0E18000B98D7E /* DeveloperAuthenticationClient.m in Sources */ = {isa = PBXBuildFile; fileRef = 32DD042E1BA0E18000B98D7E /* DeveloperAuthenticationClient.m */; };
		32DD04331BA0EADC00B98D7E /* Security.framework in Frameworks */ = {isa = PBXBuildFile; fileRef = 32DD04321BA0EADC00B98D7E /* Security.framework */; };
		32DD04351BA0F87500B98D7E /* AddressBook.framework in Frameworks */ = {isa = PBXBuildFile; fileRef = 32DD04341BA0F87500B98D7E /* AddressBook.framework */; };
		32DD04371BA0F88500B98D7E /* AssetsLibrary.framework in Frameworks */ = {isa = PBXBuildFile; fileRef = 32DD04361BA0F88500B98D7E /* AssetsLibrary.framework */; };
		32DD04391BA0F89100B98D7E /* Foundation.framework in Frameworks */ = {isa = PBXBuildFile; fileRef = 32DD04381BA0F89100B98D7E /* Foundation.framework */; };
		32DD043B1BA0F89B00B98D7E /* CoreLocation.framework in Frameworks */ = {isa = PBXBuildFile; fileRef = 32DD043A1BA0F89B00B98D7E /* CoreLocation.framework */; };
		32DD043D1BA0F8A400B98D7E /* CoreMotion.framework in Frameworks */ = {isa = PBXBuildFile; fileRef = 32DD043C1BA0F8A400B98D7E /* CoreMotion.framework */; };
		32DD043F1BA0F8D600B98D7E /* CoreGraphics.framework in Frameworks */ = {isa = PBXBuildFile; fileRef = 32DD043E1BA0F8D600B98D7E /* CoreGraphics.framework */; };
		32DD04411BA0F8E000B98D7E /* CoreText.framework in Frameworks */ = {isa = PBXBuildFile; fileRef = 32DD04401BA0F8E000B98D7E /* CoreText.framework */; };
		32DD04431BA0F8E800B98D7E /* MediaPlayer.framework in Frameworks */ = {isa = PBXBuildFile; fileRef = 32DD04421BA0F8E800B98D7E /* MediaPlayer.framework */; };
		32DD04451BA0F8F500B98D7E /* SystemConfiguration.framework in Frameworks */ = {isa = PBXBuildFile; fileRef = 32DD04441BA0F8F500B98D7E /* SystemConfiguration.framework */; };
		32DD04471BA0F8FE00B98D7E /* UIKit.framework in Frameworks */ = {isa = PBXBuildFile; fileRef = 32DD04461BA0F8FE00B98D7E /* UIKit.framework */; };
		32DD044A1BA2082A00B98D7E /* LoginWithAmazon.framework in Frameworks */ = {isa = PBXBuildFile; fileRef = 32DD04491BA2082A00B98D7E /* LoginWithAmazon.framework */; };
		32DD044E1BA276FC00B98D7E /* CognitoDatasetListViewController.swift in Sources */ = {isa = PBXBuildFile; fileRef = 32DD044D1BA276FC00B98D7E /* CognitoDatasetListViewController.swift */; };
		32DD04501BA28DE300B98D7E /* CognitoDatasetViewController.swift in Sources */ = {isa = PBXBuildFile; fileRef = 32DD044F1BA28DE300B98D7E /* CognitoDatasetViewController.swift */; };
		E37407FAAD88E0B649B21F4B /* Pods_CognitoSyncDemo.framework in Frameworks */ = {isa = PBXBuildFile; fileRef = 98DCB10136D1F68B333226DF /* Pods_CognitoSyncDemo.framework */; };
/* End PBXBuildFile section */

/* Begin PBXContainerItemProxy section */
		32DD040F1B9F890000B98D7E /* PBXContainerItemProxy */ = {
			isa = PBXContainerItemProxy;
			containerPortal = 32DD03F11B9F890000B98D7E /* Project object */;
			proxyType = 1;
			remoteGlobalIDString = 32DD03F81B9F890000B98D7E;
			remoteInfo = CognitoSyncDemo;
		};
/* End PBXContainerItemProxy section */

/* Begin PBXFileReference section */
		32DD03F91B9F890000B98D7E /* CognitoSyncDemo.app */ = {isa = PBXFileReference; explicitFileType = wrapper.application; includeInIndex = 0; path = CognitoSyncDemo.app; sourceTree = BUILT_PRODUCTS_DIR; };
		32DD03FD1B9F890000B98D7E /* Info.plist */ = {isa = PBXFileReference; lastKnownFileType = text.plist.xml; path = Info.plist; sourceTree = "<group>"; };
		32DD03FE1B9F890000B98D7E /* AppDelegate.swift */ = {isa = PBXFileReference; lastKnownFileType = sourcecode.swift; path = AppDelegate.swift; sourceTree = "<group>"; };
		32DD04031B9F890000B98D7E /* Base */ = {isa = PBXFileReference; lastKnownFileType = file.storyboard; name = Base; path = Base.lproj/Main.storyboard; sourceTree = "<group>"; };
		32DD04051B9F890000B98D7E /* Images.xcassets */ = {isa = PBXFileReference; lastKnownFileType = folder.assetcatalog; path = Images.xcassets; sourceTree = "<group>"; };
		32DD04081B9F890000B98D7E /* Base */ = {isa = PBXFileReference; lastKnownFileType = file.xib; name = Base; path = Base.lproj/LaunchScreen.xib; sourceTree = "<group>"; };
		32DD040E1B9F890000B98D7E /* CognitoSyncDemoTests.xctest */ = {isa = PBXFileReference; explicitFileType = wrapper.cfbundle; includeInIndex = 0; path = CognitoSyncDemoTests.xctest; sourceTree = BUILT_PRODUCTS_DIR; };
		32DD04131B9F890000B98D7E /* Info.plist */ = {isa = PBXFileReference; lastKnownFileType = text.plist.xml; path = Info.plist; sourceTree = "<group>"; };
		32DD04141B9F890000B98D7E /* CognitoSyncDemoTests.swift */ = {isa = PBXFileReference; lastKnownFileType = sourcecode.swift; path = CognitoSyncDemoTests.swift; sourceTree = "<group>"; };
		32DD041E1B9F909200B98D7E /* CognitoHomeViewController.swift */ = {isa = PBXFileReference; fileEncoding = 4; lastKnownFileType = sourcecode.swift; path = CognitoHomeViewController.swift; sourceTree = "<group>"; };
		32DD04201B9F9F6100B98D7E /* AmazonClientManager.swift */ = {isa = PBXFileReference; fileEncoding = 4; lastKnownFileType = sourcecode.swift; path = AmazonClientManager.swift; sourceTree = "<group>"; };
		32DD04231B9FB87B00B98D7E /* CognitoSyncDemo-Bridging-Header.h */ = {isa = PBXFileReference; lastKnownFileType = sourcecode.c.h; path = "CognitoSyncDemo-Bridging-Header.h"; sourceTree = "<group>"; };
		32DD04261BA0D0DD00B98D7E /* Constants.swift */ = {isa = PBXFileReference; fileEncoding = 4; lastKnownFileType = sourcecode.swift; path = Constants.swift; sourceTree = "<group>"; };
		32DD04291BA0E18000B98D7E /* Crypto.h */ = {isa = PBXFileReference; fileEncoding = 4; lastKnownFileType = sourcecode.c.h; path = Crypto.h; sourceTree = "<group>"; };
		32DD042A1BA0E18000B98D7E /* Crypto.m */ = {isa = PBXFileReference; fileEncoding = 4; lastKnownFileType = sourcecode.c.objc; path = Crypto.m; sourceTree = "<group>"; };
		32DD042B1BA0E18000B98D7E /* DeveloperAuthenticatedIdentityProvider.h */ = {isa = PBXFileReference; fileEncoding = 4; lastKnownFileType = sourcecode.c.h; path = DeveloperAuthenticatedIdentityProvider.h; sourceTree = "<group>"; };
		32DD042C1BA0E18000B98D7E /* DeveloperAuthenticatedIdentityProvider.m */ = {isa = PBXFileReference; fileEncoding = 4; lastKnownFileType = sourcecode.c.objc; path = DeveloperAuthenticatedIdentityProvider.m; sourceTree = "<group>"; };
		32DD042D1BA0E18000B98D7E /* DeveloperAuthenticationClient.h */ = {isa = PBXFileReference; fileEncoding = 4; lastKnownFileType = sourcecode.c.h; path = DeveloperAuthenticationClient.h; sourceTree = "<group>"; };
		32DD042E1BA0E18000B98D7E /* DeveloperAuthenticationClient.m */ = {isa = PBXFileReference; fileEncoding = 4; lastKnownFileType = sourcecode.c.objc; path = DeveloperAuthenticationClient.m; sourceTree = "<group>"; };
		32DD04321BA0EADC00B98D7E /* Security.framework */ = {isa = PBXFileReference; lastKnownFileType = wrapper.framework; name = Security.framework; path = System/Library/Frameworks/Security.framework; sourceTree = SDKROOT; };
		32DD04341BA0F87500B98D7E /* AddressBook.framework */ = {isa = PBXFileReference; lastKnownFileType = wrapper.framework; name = AddressBook.framework; path = System/Library/Frameworks/AddressBook.framework; sourceTree = SDKROOT; };
		32DD04361BA0F88500B98D7E /* AssetsLibrary.framework */ = {isa = PBXFileReference; lastKnownFileType = wrapper.framework; name = AssetsLibrary.framework; path = System/Library/Frameworks/AssetsLibrary.framework; sourceTree = SDKROOT; };
		32DD04381BA0F89100B98D7E /* Foundation.framework */ = {isa = PBXFileReference; lastKnownFileType = wrapper.framework; name = Foundation.framework; path = System/Library/Frameworks/Foundation.framework; sourceTree = SDKROOT; };
		32DD043A1BA0F89B00B98D7E /* CoreLocation.framework */ = {isa = PBXFileReference; lastKnownFileType = wrapper.framework; name = CoreLocation.framework; path = System/Library/Frameworks/CoreLocation.framework; sourceTree = SDKROOT; };
		32DD043C1BA0F8A400B98D7E /* CoreMotion.framework */ = {isa = PBXFileReference; lastKnownFileType = wrapper.framework; name = CoreMotion.framework; path = System/Library/Frameworks/CoreMotion.framework; sourceTree = SDKROOT; };
		32DD043E1BA0F8D600B98D7E /* CoreGraphics.framework */ = {isa = PBXFileReference; lastKnownFileType = wrapper.framework; name = CoreGraphics.framework; path = System/Library/Frameworks/CoreGraphics.framework; sourceTree = SDKROOT; };
		32DD04401BA0F8E000B98D7E /* CoreText.framework */ = {isa = PBXFileReference; lastKnownFileType = wrapper.framework; name = CoreText.framework; path = System/Library/Frameworks/CoreText.framework; sourceTree = SDKROOT; };
		32DD04421BA0F8E800B98D7E /* MediaPlayer.framework */ = {isa = PBXFileReference; lastKnownFileType = wrapper.framework; name = MediaPlayer.framework; path = System/Library/Frameworks/MediaPlayer.framework; sourceTree = SDKROOT; };
		32DD04441BA0F8F500B98D7E /* SystemConfiguration.framework */ = {isa = PBXFileReference; lastKnownFileType = wrapper.framework; name = SystemConfiguration.framework; path = System/Library/Frameworks/SystemConfiguration.framework; sourceTree = SDKROOT; };
		32DD04461BA0F8FE00B98D7E /* UIKit.framework */ = {isa = PBXFileReference; lastKnownFileType = wrapper.framework; name = UIKit.framework; path = System/Library/Frameworks/UIKit.framework; sourceTree = SDKROOT; };
		32DD04491BA2082A00B98D7E /* LoginWithAmazon.framework */ = {isa = PBXFileReference; lastKnownFileType = wrapper.framework; path = LoginWithAmazon.framework; sourceTree = "<group>"; };
		32DD044D1BA276FC00B98D7E /* CognitoDatasetListViewController.swift */ = {isa = PBXFileReference; fileEncoding = 4; lastKnownFileType = sourcecode.swift; path = CognitoDatasetListViewController.swift; sourceTree = "<group>"; };
		32DD044F1BA28DE300B98D7E /* CognitoDatasetViewController.swift */ = {isa = PBXFileReference; fileEncoding = 4; lastKnownFileType = sourcecode.swift; path = CognitoDatasetViewController.swift; sourceTree = "<group>"; };
		4A6B94838A4BC9042C05EFCF /* Pods.debug.xcconfig */ = {isa = PBXFileReference; includeInIndex = 1; lastKnownFileType = text.xcconfig; name = Pods.debug.xcconfig; path = "Pods/Target Support Files/Pods/Pods.debug.xcconfig"; sourceTree = "<group>"; };
		98DCB10136D1F68B333226DF /* Pods_CognitoSyncDemo.framework */ = {isa = PBXFileReference; explicitFileType = wrapper.framework; includeInIndex = 0; path = Pods_CognitoSyncDemo.framework; sourceTree = BUILT_PRODUCTS_DIR; };
		BC2CE713F6AD7405EA574722 /* Pods-CognitoSyncDemo.debug.xcconfig */ = {isa = PBXFileReference; includeInIndex = 1; lastKnownFileType = text.xcconfig; name = "Pods-CognitoSyncDemo.debug.xcconfig"; path = "Pods/Target Support Files/Pods-CognitoSyncDemo/Pods-CognitoSyncDemo.debug.xcconfig"; sourceTree = "<group>"; };
		C4EE793309C93B1EAAC8B389 /* Pods-CognitoSyncDemo.release.xcconfig */ = {isa = PBXFileReference; includeInIndex = 1; lastKnownFileType = text.xcconfig; name = "Pods-CognitoSyncDemo.release.xcconfig"; path = "Pods/Target Support Files/Pods-CognitoSyncDemo/Pods-CognitoSyncDemo.release.xcconfig"; sourceTree = "<group>"; };
		C540164FBC90F86E301EC99D /* Pods.release.xcconfig */ = {isa = PBXFileReference; includeInIndex = 1; lastKnownFileType = text.xcconfig; name = Pods.release.xcconfig; path = "Pods/Target Support Files/Pods/Pods.release.xcconfig"; sourceTree = "<group>"; };
/* End PBXFileReference section */

/* Begin PBXFrameworksBuildPhase section */
		32DD03F61B9F890000B98D7E /* Frameworks */ = {
			isa = PBXFrameworksBuildPhase;
			buildActionMask = 2147483647;
			files = (
				32DD04471BA0F8FE00B98D7E /* UIKit.framework in Frameworks */,
				32DD04451BA0F8F500B98D7E /* SystemConfiguration.framework in Frameworks */,
				32DD04431BA0F8E800B98D7E /* MediaPlayer.framework in Frameworks */,
				32DD04411BA0F8E000B98D7E /* CoreText.framework in Frameworks */,
				32DD043F1BA0F8D600B98D7E /* CoreGraphics.framework in Frameworks */,
				32DD043D1BA0F8A400B98D7E /* CoreMotion.framework in Frameworks */,
				32DD043B1BA0F89B00B98D7E /* CoreLocation.framework in Frameworks */,
				32DD044A1BA2082A00B98D7E /* LoginWithAmazon.framework in Frameworks */,
				32DD04391BA0F89100B98D7E /* Foundation.framework in Frameworks */,
				32DD04371BA0F88500B98D7E /* AssetsLibrary.framework in Frameworks */,
				32DD04351BA0F87500B98D7E /* AddressBook.framework in Frameworks */,
				32DD04331BA0EADC00B98D7E /* Security.framework in Frameworks */,
				E37407FAAD88E0B649B21F4B /* Pods_CognitoSyncDemo.framework in Frameworks */,
			);
			runOnlyForDeploymentPostprocessing = 0;
		};
		32DD040B1B9F890000B98D7E /* Frameworks */ = {
			isa = PBXFrameworksBuildPhase;
			buildActionMask = 2147483647;
			files = (
			);
			runOnlyForDeploymentPostprocessing = 0;
		};
/* End PBXFrameworksBuildPhase section */

/* Begin PBXGroup section */
		2141C74BF97FA562888348C5 /* Pods */ = {
			isa = PBXGroup;
			children = (
				4A6B94838A4BC9042C05EFCF /* Pods.debug.xcconfig */,
				C540164FBC90F86E301EC99D /* Pods.release.xcconfig */,
				BC2CE713F6AD7405EA574722 /* Pods-CognitoSyncDemo.debug.xcconfig */,
				C4EE793309C93B1EAAC8B389 /* Pods-CognitoSyncDemo.release.xcconfig */,
			);
			name = Pods;
			sourceTree = "<group>";
		};
		32DD03F01B9F890000B98D7E = {
			isa = PBXGroup;
			children = (
				32DD03FB1B9F890000B98D7E /* CognitoSyncDemo */,
				32DD04111B9F890000B98D7E /* CognitoSyncDemoTests */,
				32DD03FA1B9F890000B98D7E /* Products */,
				2141C74BF97FA562888348C5 /* Pods */,
				72C346D1A9F1744F5FE54AE4 /* Frameworks */,
			);
			sourceTree = "<group>";
		};
		32DD03FA1B9F890000B98D7E /* Products */ = {
			isa = PBXGroup;
			children = (
				32DD03F91B9F890000B98D7E /* CognitoSyncDemo.app */,
				32DD040E1B9F890000B98D7E /* CognitoSyncDemoTests.xctest */,
			);
			name = Products;
			sourceTree = "<group>";
		};
		32DD03FB1B9F890000B98D7E /* CognitoSyncDemo */ = {
			isa = PBXGroup;
			children = (
				32DD04231B9FB87B00B98D7E /* CognitoSyncDemo-Bridging-Header.h */,
				32DD03FE1B9F890000B98D7E /* AppDelegate.swift */,
				32DD041E1B9F909200B98D7E /* CognitoHomeViewController.swift */,
				32DD044D1BA276FC00B98D7E /* CognitoDatasetListViewController.swift */,
				32DD044F1BA28DE300B98D7E /* CognitoDatasetViewController.swift */,
				32DD04201B9F9F6100B98D7E /* AmazonClientManager.swift */,
				32DD04261BA0D0DD00B98D7E /* Constants.swift */,
				32DD04021B9F890000B98D7E /* Main.storyboard */,
				32DD04051B9F890000B98D7E /* Images.xcassets */,
				32DD04071B9F890000B98D7E /* LaunchScreen.xib */,
				32DD04281BA0E18000B98D7E /* DeveloperAuthenticated */,
				32DD03FC1B9F890000B98D7E /* Supporting Files */,
			);
			path = CognitoSyncDemo;
			sourceTree = "<group>";
		};
		32DD03FC1B9F890000B98D7E /* Supporting Files */ = {
			isa = PBXGroup;
			children = (
				32DD03FD1B9F890000B98D7E /* Info.plist */,
			);
			name = "Supporting Files";
			sourceTree = "<group>";
		};
		32DD04111B9F890000B98D7E /* CognitoSyncDemoTests */ = {
			isa = PBXGroup;
			children = (
				32DD04141B9F890000B98D7E /* CognitoSyncDemoTests.swift */,
				32DD04121B9F890000B98D7E /* Supporting Files */,
			);
			path = CognitoSyncDemoTests;
			sourceTree = "<group>";
		};
		32DD04121B9F890000B98D7E /* Supporting Files */ = {
			isa = PBXGroup;
			children = (
				32DD04131B9F890000B98D7E /* Info.plist */,
			);
			name = "Supporting Files";
			sourceTree = "<group>";
		};
		32DD04281BA0E18000B98D7E /* DeveloperAuthenticated */ = {
			isa = PBXGroup;
			children = (
				32DD04291BA0E18000B98D7E /* Crypto.h */,
				32DD042A1BA0E18000B98D7E /* Crypto.m */,
				32DD042B1BA0E18000B98D7E /* DeveloperAuthenticatedIdentityProvider.h */,
				32DD042C1BA0E18000B98D7E /* DeveloperAuthenticatedIdentityProvider.m */,
				32DD042D1BA0E18000B98D7E /* DeveloperAuthenticationClient.h */,
				32DD042E1BA0E18000B98D7E /* DeveloperAuthenticationClient.m */,
			);
			path = DeveloperAuthenticated;
			sourceTree = "<group>";
		};
		72C346D1A9F1744F5FE54AE4 /* Frameworks */ = {
			isa = PBXGroup;
			children = (
				32DD04491BA2082A00B98D7E /* LoginWithAmazon.framework */,
				32DD04461BA0F8FE00B98D7E /* UIKit.framework */,
				32DD04441BA0F8F500B98D7E /* SystemConfiguration.framework */,
				32DD04421BA0F8E800B98D7E /* MediaPlayer.framework */,
				32DD04401BA0F8E000B98D7E /* CoreText.framework */,
				32DD043E1BA0F8D600B98D7E /* CoreGraphics.framework */,
				32DD043C1BA0F8A400B98D7E /* CoreMotion.framework */,
				32DD043A1BA0F89B00B98D7E /* CoreLocation.framework */,
				32DD04381BA0F89100B98D7E /* Foundation.framework */,
				32DD04361BA0F88500B98D7E /* AssetsLibrary.framework */,
				32DD04341BA0F87500B98D7E /* AddressBook.framework */,
				32DD04321BA0EADC00B98D7E /* Security.framework */,
				98DCB10136D1F68B333226DF /* Pods_CognitoSyncDemo.framework */,
			);
			name = Frameworks;
			sourceTree = "<group>";
		};
/* End PBXGroup section */

/* Begin PBXNativeTarget section */
		32DD03F81B9F890000B98D7E /* CognitoSyncDemo */ = {
			isa = PBXNativeTarget;
			buildConfigurationList = 32DD04181B9F890000B98D7E /* Build configuration list for PBXNativeTarget "CognitoSyncDemo" */;
			buildPhases = (
				C46104205B02585AB37F9639 /* 📦 Check Pods Manifest.lock */,
				32DD03F51B9F890000B98D7E /* Sources */,
				32DD03F61B9F890000B98D7E /* Frameworks */,
				32DD03F71B9F890000B98D7E /* Resources */,
				DC761FB4998AEE85BABD472F /* 📦 Embed Pods Frameworks */,
				6F15FEFEFA54822FB50FA601 /* 📦 Copy Pods Resources */,
				32DD04481BA1F82B00B98D7E /* ShellScript */,
			);
			buildRules = (
			);
			dependencies = (
			);
			name = CognitoSyncDemo;
			productName = CognitoSyncDemo;
			productReference = 32DD03F91B9F890000B98D7E /* CognitoSyncDemo.app */;
			productType = "com.apple.product-type.application";
		};
		32DD040D1B9F890000B98D7E /* CognitoSyncDemoTests */ = {
			isa = PBXNativeTarget;
			buildConfigurationList = 32DD041B1B9F890000B98D7E /* Build configuration list for PBXNativeTarget "CognitoSyncDemoTests" */;
			buildPhases = (
				32DD040A1B9F890000B98D7E /* Sources */,
				32DD040B1B9F890000B98D7E /* Frameworks */,
				32DD040C1B9F890000B98D7E /* Resources */,
			);
			buildRules = (
			);
			dependencies = (
				32DD04101B9F890000B98D7E /* PBXTargetDependency */,
			);
			name = CognitoSyncDemoTests;
			productName = CognitoSyncDemoTests;
			productReference = 32DD040E1B9F890000B98D7E /* CognitoSyncDemoTests.xctest */;
			productType = "com.apple.product-type.bundle.unit-test";
		};
/* End PBXNativeTarget section */

/* Begin PBXProject section */
		32DD03F11B9F890000B98D7E /* Project object */ = {
			isa = PBXProject;
			attributes = {
				LastSwiftMigration = 0700;
				LastSwiftUpdateCheck = 0700;
				LastUpgradeCheck = 0700;
				ORGANIZATIONNAME = "Krishnan, Nishad";
				TargetAttributes = {
					32DD03F81B9F890000B98D7E = {
						CreatedOnToolsVersion = 6.4;
					};
					32DD040D1B9F890000B98D7E = {
						CreatedOnToolsVersion = 6.4;
						TestTargetID = 32DD03F81B9F890000B98D7E;
					};
				};
			};
			buildConfigurationList = 32DD03F41B9F890000B98D7E /* Build configuration list for PBXProject "CognitoSyncDemo" */;
			compatibilityVersion = "Xcode 3.2";
			developmentRegion = English;
			hasScannedForEncodings = 0;
			knownRegions = (
				en,
				Base,
			);
			mainGroup = 32DD03F01B9F890000B98D7E;
			productRefGroup = 32DD03FA1B9F890000B98D7E /* Products */;
			projectDirPath = "";
			projectRoot = "";
			targets = (
				32DD03F81B9F890000B98D7E /* CognitoSyncDemo */,
				32DD040D1B9F890000B98D7E /* CognitoSyncDemoTests */,
			);
		};
/* End PBXProject section */

/* Begin PBXResourcesBuildPhase section */
		32DD03F71B9F890000B98D7E /* Resources */ = {
			isa = PBXResourcesBuildPhase;
			buildActionMask = 2147483647;
			files = (
				32DD04041B9F890000B98D7E /* Main.storyboard in Resources */,
				32DD04091B9F890000B98D7E /* LaunchScreen.xib in Resources */,
				32DD04061B9F890000B98D7E /* Images.xcassets in Resources */,
			);
			runOnlyForDeploymentPostprocessing = 0;
		};
		32DD040C1B9F890000B98D7E /* Resources */ = {
			isa = PBXResourcesBuildPhase;
			buildActionMask = 2147483647;
			files = (
			);
			runOnlyForDeploymentPostprocessing = 0;
		};
/* End PBXResourcesBuildPhase section */

/* Begin PBXShellScriptBuildPhase section */
		32DD04481BA1F82B00B98D7E /* ShellScript */ = {
			isa = PBXShellScriptBuildPhase;
			buildActionMask = 2147483647;
			files = (
			);
			inputPaths = (
			);
			outputPaths = (
			);
			runOnlyForDeploymentPostprocessing = 0;
			shellPath = /bin/sh;
			shellScript = "\"${PODS_ROOT}/Fabric/Fabric.framework/run\" 447bc42e7fc3ecfd9f954eb0c05f575c4547a1f3 db437d522b5c6d8a585d3d1b76620ed9b042f33f9a909d9d9d2443870ed5b6ef";
		};
		6F15FEFEFA54822FB50FA601 /* 📦 Copy Pods Resources */ = {
			isa = PBXShellScriptBuildPhase;
			buildActionMask = 2147483647;
			files = (
			);
			inputPaths = (
			);
			name = "📦 Copy Pods Resources";
			outputPaths = (
			);
			runOnlyForDeploymentPostprocessing = 0;
			shellPath = /bin/sh;
			shellScript = "\"${SRCROOT}/Pods/Target Support Files/Pods-CognitoSyncDemo/Pods-CognitoSyncDemo-resources.sh\"\n";
			showEnvVarsInLog = 0;
		};
		C46104205B02585AB37F9639 /* 📦 Check Pods Manifest.lock */ = {
			isa = PBXShellScriptBuildPhase;
			buildActionMask = 2147483647;
			files = (
			);
			inputPaths = (
			);
			name = "📦 Check Pods Manifest.lock";
			outputPaths = (
			);
			runOnlyForDeploymentPostprocessing = 0;
			shellPath = /bin/sh;
			shellScript = "diff \"${PODS_ROOT}/../Podfile.lock\" \"${PODS_ROOT}/Manifest.lock\" > /dev/null\nif [[ $? != 0 ]] ; then\n    cat << EOM\nerror: The sandbox is not in sync with the Podfile.lock. Run 'pod install' or update your CocoaPods installation.\nEOM\n    exit 1\nfi\n";
			showEnvVarsInLog = 0;
		};
		DC761FB4998AEE85BABD472F /* 📦 Embed Pods Frameworks */ = {
			isa = PBXShellScriptBuildPhase;
			buildActionMask = 2147483647;
			files = (
			);
			inputPaths = (
			);
			name = "📦 Embed Pods Frameworks";
			outputPaths = (
			);
			runOnlyForDeploymentPostprocessing = 0;
			shellPath = /bin/sh;
			shellScript = "\"${SRCROOT}/Pods/Target Support Files/Pods-CognitoSyncDemo/Pods-CognitoSyncDemo-frameworks.sh\"\n";
			showEnvVarsInLog = 0;
		};
/* End PBXShellScriptBuildPhase section */

/* Begin PBXSourcesBuildPhase section */
		32DD03F51B9F890000B98D7E /* Sources */ = {
			isa = PBXSourcesBuildPhase;
			buildActionMask = 2147483647;
			files = (
				32DD042F1BA0E18000B98D7E /* Crypto.m in Sources */,
				32DD04301BA0E18000B98D7E /* DeveloperAuthenticatedIdentityProvider.m in Sources */,
				32DD03FF1B9F890000B98D7E /* AppDelegate.swift in Sources */,
				32DD04211B9F9F6100B98D7E /* AmazonClientManager.swift in Sources */,
				32DD04311BA0E18000B98D7E /* DeveloperAuthenticationClient.m in Sources */,
				32DD044E1BA276FC00B98D7E /* CognitoDatasetListViewController.swift in Sources */,
				32DD041F1B9F909200B98D7E /* CognitoHomeViewController.swift in Sources */,
				32DD04501BA28DE300B98D7E /* CognitoDatasetViewController.swift in Sources */,
				32DD04271BA0D0DD00B98D7E /* Constants.swift in Sources */,
			);
			runOnlyForDeploymentPostprocessing = 0;
		};
		32DD040A1B9F890000B98D7E /* Sources */ = {
			isa = PBXSourcesBuildPhase;
			buildActionMask = 2147483647;
			files = (
				32DD04151B9F890000B98D7E /* CognitoSyncDemoTests.swift in Sources */,
			);
			runOnlyForDeploymentPostprocessing = 0;
		};
/* End PBXSourcesBuildPhase section */

/* Begin PBXTargetDependency section */
		32DD04101B9F890000B98D7E /* PBXTargetDependency */ = {
			isa = PBXTargetDependency;
			target = 32DD03F81B9F890000B98D7E /* CognitoSyncDemo */;
			targetProxy = 32DD040F1B9F890000B98D7E /* PBXContainerItemProxy */;
		};
/* End PBXTargetDependency section */

/* Begin PBXVariantGroup section */
		32DD04021B9F890000B98D7E /* Main.storyboard */ = {
			isa = PBXVariantGroup;
			children = (
				32DD04031B9F890000B98D7E /* Base */,
			);
			name = Main.storyboard;
			sourceTree = "<group>";
		};
		32DD04071B9F890000B98D7E /* LaunchScreen.xib */ = {
			isa = PBXVariantGroup;
			children = (
				32DD04081B9F890000B98D7E /* Base */,
			);
			name = LaunchScreen.xib;
			sourceTree = "<group>";
		};
/* End PBXVariantGroup section */

/* Begin XCBuildConfiguration section */
		32DD04161B9F890000B98D7E /* Debug */ = {
			isa = XCBuildConfiguration;
			buildSettings = {
				ALWAYS_SEARCH_USER_PATHS = NO;
				CLANG_CXX_LANGUAGE_STANDARD = "gnu++0x";
				CLANG_CXX_LIBRARY = "libc++";
				CLANG_ENABLE_MODULES = YES;
				CLANG_ENABLE_OBJC_ARC = YES;
				CLANG_WARN_BOOL_CONVERSION = YES;
				CLANG_WARN_CONSTANT_CONVERSION = YES;
				CLANG_WARN_DIRECT_OBJC_ISA_USAGE = YES_ERROR;
				CLANG_WARN_EMPTY_BODY = YES;
				CLANG_WARN_ENUM_CONVERSION = YES;
				CLANG_WARN_INT_CONVERSION = YES;
				CLANG_WARN_OBJC_ROOT_CLASS = YES_ERROR;
				CLANG_WARN_UNREACHABLE_CODE = YES;
				CLANG_WARN__DUPLICATE_METHOD_MATCH = YES;
				"CODE_SIGN_IDENTITY[sdk=iphoneos*]" = "iPhone Developer";
				COPY_PHASE_STRIP = NO;
				DEBUG_INFORMATION_FORMAT = "dwarf-with-dsym";
				ENABLE_STRICT_OBJC_MSGSEND = YES;
				ENABLE_TESTABILITY = YES;
				GCC_C_LANGUAGE_STANDARD = gnu99;
				GCC_DYNAMIC_NO_PIC = NO;
				GCC_NO_COMMON_BLOCKS = YES;
				GCC_OPTIMIZATION_LEVEL = 0;
				GCC_PREPROCESSOR_DEFINITIONS = (
					"DEBUG=1",
					"$(inherited)",
				);
				GCC_SYMBOLS_PRIVATE_EXTERN = NO;
				GCC_WARN_64_TO_32_BIT_CONVERSION = YES;
				GCC_WARN_ABOUT_RETURN_TYPE = YES_ERROR;
				GCC_WARN_UNDECLARED_SELECTOR = YES;
				GCC_WARN_UNINITIALIZED_AUTOS = YES_AGGRESSIVE;
				GCC_WARN_UNUSED_FUNCTION = YES;
				GCC_WARN_UNUSED_VARIABLE = YES;
				IPHONEOS_DEPLOYMENT_TARGET = 8.4;
				MTL_ENABLE_DEBUG_INFO = YES;
				ONLY_ACTIVE_ARCH = YES;
				SDKROOT = iphoneos;
				SWIFT_OPTIMIZATION_LEVEL = "-Onone";
			};
			name = Debug;
		};
		32DD04171B9F890000B98D7E /* Release */ = {
			isa = XCBuildConfiguration;
			buildSettings = {
				ALWAYS_SEARCH_USER_PATHS = NO;
				CLANG_CXX_LANGUAGE_STANDARD = "gnu++0x";
				CLANG_CXX_LIBRARY = "libc++";
				CLANG_ENABLE_MODULES = YES;
				CLANG_ENABLE_OBJC_ARC = YES;
				CLANG_WARN_BOOL_CONVERSION = YES;
				CLANG_WARN_CONSTANT_CONVERSION = YES;
				CLANG_WARN_DIRECT_OBJC_ISA_USAGE = YES_ERROR;
				CLANG_WARN_EMPTY_BODY = YES;
				CLANG_WARN_ENUM_CONVERSION = YES;
				CLANG_WARN_INT_CONVERSION = YES;
				CLANG_WARN_OBJC_ROOT_CLASS = YES_ERROR;
				CLANG_WARN_UNREACHABLE_CODE = YES;
				CLANG_WARN__DUPLICATE_METHOD_MATCH = YES;
				"CODE_SIGN_IDENTITY[sdk=iphoneos*]" = "iPhone Developer";
				COPY_PHASE_STRIP = NO;
				DEBUG_INFORMATION_FORMAT = "dwarf-with-dsym";
				ENABLE_NS_ASSERTIONS = NO;
				ENABLE_STRICT_OBJC_MSGSEND = YES;
				GCC_C_LANGUAGE_STANDARD = gnu99;
				GCC_NO_COMMON_BLOCKS = YES;
				GCC_WARN_64_TO_32_BIT_CONVERSION = YES;
				GCC_WARN_ABOUT_RETURN_TYPE = YES_ERROR;
				GCC_WARN_UNDECLARED_SELECTOR = YES;
				GCC_WARN_UNINITIALIZED_AUTOS = YES_AGGRESSIVE;
				GCC_WARN_UNUSED_FUNCTION = YES;
				GCC_WARN_UNUSED_VARIABLE = YES;
				IPHONEOS_DEPLOYMENT_TARGET = 8.4;
				MTL_ENABLE_DEBUG_INFO = NO;
				SDKROOT = iphoneos;
				VALIDATE_PRODUCT = YES;
			};
			name = Release;
		};
		32DD04191B9F890000B98D7E /* Debug */ = {
			isa = XCBuildConfiguration;
			baseConfigurationReference = BC2CE713F6AD7405EA574722 /* Pods-CognitoSyncDemo.debug.xcconfig */;
			buildSettings = {
				ASSETCATALOG_COMPILER_APPICON_NAME = AppIcon;
				CLANG_ENABLE_MODULES = YES;
				FRAMEWORK_SEARCH_PATHS = (
					"$(inherited)",
					"$(PROJECT_DIR)",
				);
				INFOPLIST_FILE = CognitoSyncDemo/Info.plist;
				LD_RUNPATH_SEARCH_PATHS = "$(inherited) @executable_path/Frameworks";
				OTHER_LDFLAGS = (
					"$(inherited)",
					"-framework",
					"\"AWSCognito\"",
					"-framework",
					"\"AWSCore\"",
					"-framework",
					"\"AddressBook\"",
					"-framework",
					"\"AssetsLibrary\"",
					"-framework",
					"\"Bolts\"",
					"-framework",
					"\"CoreGraphics\"",
					"-framework",
					"\"CoreLocation\"",
					"-framework",
					"\"CoreMotion\"",
					"-framework",
					"\"CoreText\"",
					"-framework",
					"\"FBSDKCoreKit\"",
					"-framework",
					"\"FBSDKLoginKit\"",
					"-framework",
					"\"Foundation\"",
					"-framework",
					"\"GoogleOpenSource\"",
					"-framework",
					"\"GooglePlus\"",
					"-framework",
					"\"MediaPlayer\"",
					"-framework",
					"\"Security\"",
					"-framework",
					"\"SystemConfiguration\"",
					"-framework",
					"\"UIKit\"",
					"-ObjC",
				);
				PRODUCT_BUNDLE_IDENTIFIER = "amazon.aws.$(PRODUCT_NAME:rfc1034identifier)";
				PRODUCT_NAME = "$(TARGET_NAME)";
				SWIFT_OBJC_BRIDGING_HEADER = "CognitoSyncDemo/CognitoSyncDemo-Bridging-Header.h";
				SWIFT_OPTIMIZATION_LEVEL = "-Onone";
			};
			name = Debug;
		};
		32DD041A1B9F890000B98D7E /* Release */ = {
			isa = XCBuildConfiguration;
			baseConfigurationReference = C4EE793309C93B1EAAC8B389 /* Pods-CognitoSyncDemo.release.xcconfig */;
			buildSettings = {
				ASSETCATALOG_COMPILER_APPICON_NAME = AppIcon;
				CLANG_ENABLE_MODULES = YES;
				FRAMEWORK_SEARCH_PATHS = (
					"$(inherited)",
					"$(PROJECT_DIR)",
				);
				INFOPLIST_FILE = CognitoSyncDemo/Info.plist;
				LD_RUNPATH_SEARCH_PATHS = "$(inherited) @executable_path/Frameworks";
				OTHER_LDFLAGS = (
					"$(inherited)",
					"-framework",
					"\"AWSCognito\"",
					"-framework",
					"\"AWSCore\"",
					"-framework",
					"\"AddressBook\"",
					"-framework",
					"\"AssetsLibrary\"",
					"-framework",
					"\"Bolts\"",
					"-framework",
					"\"CoreGraphics\"",
					"-framework",
					"\"CoreLocation\"",
					"-framework",
					"\"CoreMotion\"",
					"-framework",
					"\"CoreText\"",
					"-framework",
					"\"FBSDKCoreKit\"",
					"-framework",
					"\"FBSDKLoginKit\"",
					"-framework",
					"\"Foundation\"",
					"-framework",
					"\"GoogleOpenSource\"",
					"-framework",
					"\"GooglePlus\"",
					"-framework",
					"\"KeychainAccess\"",
					"-framework",
					"\"MediaPlayer\"",
					"-framework",
					"\"Security\"",
					"-framework",
					"\"SystemConfiguration\"",
					"-framework",
					"\"UIKit\"",
					"-ObjC",
				);
				PRODUCT_BUNDLE_IDENTIFIER = "amazon.aws.$(PRODUCT_NAME:rfc1034identifier)";
				PRODUCT_NAME = "$(TARGET_NAME)";
				SWIFT_OBJC_BRIDGING_HEADER = "CognitoSyncDemo/CognitoSyncDemo-Bridging-Header.h";
			};
			name = Release;
		};
		32DD041C1B9F890000B98D7E /* Debug */ = {
			isa = XCBuildConfiguration;
			buildSettings = {
				BUNDLE_LOADER = "$(TEST_HOST)";
				FRAMEWORK_SEARCH_PATHS = (
					"$(SDKROOT)/Developer/Library/Frameworks",
					"$(inherited)",
				);
				GCC_PREPROCESSOR_DEFINITIONS = (
					"DEBUG=1",
					"$(inherited)",
				);
				INFOPLIST_FILE = CognitoSyncDemoTests/Info.plist;
				LD_RUNPATH_SEARCH_PATHS = "$(inherited) @executable_path/Frameworks @loader_path/Frameworks";
				PRODUCT_BUNDLE_IDENTIFIER = "amazon.aws.$(PRODUCT_NAME:rfc1034identifier)";
				PRODUCT_NAME = "$(TARGET_NAME)";
				TEST_HOST = "$(BUILT_PRODUCTS_DIR)/CognitoSyncDemo.app/CognitoSyncDemo";
			};
			name = Debug;
		};
		32DD041D1B9F890000B98D7E /* Release */ = {
			isa = XCBuildConfiguration;
			buildSettings = {
				BUNDLE_LOADER = "$(TEST_HOST)";
				FRAMEWORK_SEARCH_PATHS = (
					"$(SDKROOT)/Developer/Library/Frameworks",
					"$(inherited)",
				);
				INFOPLIST_FILE = CognitoSyncDemoTests/Info.plist;
				LD_RUNPATH_SEARCH_PATHS = "$(inherited) @executable_path/Frameworks @loader_path/Frameworks";
				PRODUCT_BUNDLE_IDENTIFIER = "amazon.aws.$(PRODUCT_NAME:rfc1034identifier)";
				PRODUCT_NAME = "$(TARGET_NAME)";
				TEST_HOST = "$(BUILT_PRODUCTS_DIR)/CognitoSyncDemo.app/CognitoSyncDemo";
			};
			name = Release;
		};
/* End XCBuildConfiguration section */

/* Begin XCConfigurationList section */
		32DD03F41B9F890000B98D7E /* Build configuration list for PBXProject "CognitoSyncDemo" */ = {
			isa = XCConfigurationList;
			buildConfigurations = (
				32DD04161B9F890000B98D7E /* Debug */,
				32DD04171B9F890000B98D7E /* Release */,
			);
			defaultConfigurationIsVisible = 0;
			defaultConfigurationName = Release;
		};
		32DD04181B9F890000B98D7E /* Build configuration list for PBXNativeTarget "CognitoSyncDemo" */ = {
			isa = XCConfigurationList;
			buildConfigurations = (
				32DD04191B9F890000B98D7E /* Debug */,
				32DD041A1B9F890000B98D7E /* Release */,
			);
			defaultConfigurationIsVisible = 0;
			defaultConfigurationName = Release;
		};
		32DD041B1B9F890000B98D7E /* Build configuration list for PBXNativeTarget "CognitoSyncDemoTests" */ = {
			isa = XCConfigurationList;
			buildConfigurations = (
				32DD041C1B9F890000B98D7E /* Debug */,
				32DD041D1B9F890000B98D7E /* Release */,
			);
			defaultConfigurationIsVisible = 0;
			defaultConfigurationName = Release;
		};
/* End XCConfigurationList section */
	};
	rootObject = 32DD03F11B9F890000B98D7E /* Project object */;
}
