// !$*UTF8*$!
{
	archiveVersion = 1;
	classes = {
	};
	objectVersion = 46;
	objects = {

/* Begin PBXBuildFile section */
		CE47299B193568FE00F49623 /* AppDelegate.m in Sources */ = {isa = PBXBuildFile; fileRef = CE47298C193568FE00F49623 /* AppDelegate.m */; };
		CE47299D193568FE00F49623 /* Constants.m in Sources */ = {isa = PBXBuildFile; fileRef = CE472990193568FE00F49623 /* Constants.m */; };
		CE47299E193568FE00F49623 /* InfoPlist.strings in Resources */ = {isa = PBXBuildFile; fileRef = CE472991193568FE00F49623 /* InfoPlist.strings */; };
		CE47299F193568FE00F49623 /* FirstViewController.m in Sources */ = {isa = PBXBuildFile; fileRef = CE472994193568FE00F49623 /* FirstViewController.m */; };
		CE4729A0193568FE00F49623 /* Images.xcassets in Resources */ = {isa = PBXBuildFile; fileRef = CE472995193568FE00F49623 /* Images.xcassets */; };
		CE4729A1193568FE00F49623 /* main.m in Sources */ = {isa = PBXBuildFile; fileRef = CE472996193568FE00F49623 /* main.m */; };
		CE4729A3193568FE00F49623 /* SecondViewController.m in Sources */ = {isa = PBXBuildFile; fileRef = CE47299A193568FE00F49623 /* SecondViewController.m */; };
		CE4729A619356A3F00F49623 /* Main.storyboard in Resources */ = {isa = PBXBuildFile; fileRef = CE47298D193568FE00F49623 /* Main.storyboard */; };
		EA59F892192D331800606CA7 /* Foundation.framework in Frameworks */ = {isa = PBXBuildFile; fileRef = EA59F891192D331800606CA7 /* Foundation.framework */; };
		EA59F894192D331800606CA7 /* CoreGraphics.framework in Frameworks */ = {isa = PBXBuildFile; fileRef = EA59F893192D331800606CA7 /* CoreGraphics.framework */; };
		EA59F896192D331800606CA7 /* UIKit.framework in Frameworks */ = {isa = PBXBuildFile; fileRef = EA59F895192D331800606CA7 /* UIKit.framework */; };
		EAAB805E195B8C6800F32A1A /* DisplayImageController.m in Sources */ = {isa = PBXBuildFile; fileRef = EAAB805D195B8C6800F32A1A /* DisplayImageController.m */; };
		F2685DC58137470D8DB00852 /* libPods.a in Frameworks */ = {isa = PBXBuildFile; fileRef = 224E759A47B44E1DAD02193F /* libPods.a */; };
/* End PBXBuildFile section */

/* Begin PBXFileReference section */
		224E759A47B44E1DAD02193F /* libPods.a */ = {isa = PBXFileReference; explicitFileType = archive.ar; includeInIndex = 0; path = libPods.a; sourceTree = BUILT_PRODUCTS_DIR; };
		5AE0820217934A4B8861295C /* Pods.xcconfig */ = {isa = PBXFileReference; includeInIndex = 1; lastKnownFileType = text.xcconfig; name = Pods.xcconfig; path = Pods/Pods.xcconfig; sourceTree = "<group>"; };
		CE47298B193568FE00F49623 /* AppDelegate.h */ = {isa = PBXFileReference; fileEncoding = 4; lastKnownFileType = sourcecode.c.h; path = AppDelegate.h; sourceTree = "<group>"; };
		CE47298C193568FE00F49623 /* AppDelegate.m */ = {isa = PBXFileReference; fileEncoding = 4; lastKnownFileType = sourcecode.c.objc; path = AppDelegate.m; sourceTree = "<group>"; };
		CE47298E193568FE00F49623 /* Base */ = {isa = PBXFileReference; lastKnownFileType = file.storyboard; name = Base; path = Base.lproj/Main.storyboard; sourceTree = "<group>"; };
		CE47298F193568FE00F49623 /* Constants.h */ = {isa = PBXFileReference; fileEncoding = 4; lastKnownFileType = sourcecode.c.h; lineEnding = 0; path = Constants.h; sourceTree = "<group>"; xcLanguageSpecificationIdentifier = xcode.lang.objcpp; };
		CE472990193568FE00F49623 /* Constants.m */ = {isa = PBXFileReference; fileEncoding = 4; lastKnownFileType = sourcecode.c.objc; lineEnding = 0; path = Constants.m; sourceTree = "<group>"; xcLanguageSpecificationIdentifier = xcode.lang.objc; };
		CE472992193568FE00F49623 /* en */ = {isa = PBXFileReference; lastKnownFileType = text.plist.strings; name = en; path = en.lproj/InfoPlist.strings; sourceTree = "<group>"; };
		CE472993193568FE00F49623 /* FirstViewController.h */ = {isa = PBXFileReference; fileEncoding = 4; lastKnownFileType = sourcecode.c.h; path = FirstViewController.h; sourceTree = "<group>"; };
		CE472994193568FE00F49623 /* FirstViewController.m */ = {isa = PBXFileReference; fileEncoding = 4; lastKnownFileType = sourcecode.c.objc; lineEnding = 0; path = FirstViewController.m; sourceTree = "<group>"; xcLanguageSpecificationIdentifier = xcode.lang.objc; };
		CE472995193568FE00F49623 /* Images.xcassets */ = {isa = PBXFileReference; lastKnownFileType = folder.assetcatalog; path = Images.xcassets; sourceTree = "<group>"; };
		CE472996193568FE00F49623 /* main.m */ = {isa = PBXFileReference; fileEncoding = 4; lastKnownFileType = sourcecode.c.objc; path = main.m; sourceTree = "<group>"; };
		CE472997193568FE00F49623 /* S3TransferManagerSample-Info.plist */ = {isa = PBXFileReference; fileEncoding = 4; lastKnownFileType = text.plist.xml; path = "S3TransferManagerSample-Info.plist"; sourceTree = "<group>"; };
		CE472998193568FE00F49623 /* S3TransferManagerSample-Prefix.pch */ = {isa = PBXFileReference; fileEncoding = 4; lastKnownFileType = sourcecode.c.h; path = "S3TransferManagerSample-Prefix.pch"; sourceTree = "<group>"; };
		CE472999193568FE00F49623 /* SecondViewController.h */ = {isa = PBXFileReference; fileEncoding = 4; lastKnownFileType = sourcecode.c.h; path = SecondViewController.h; sourceTree = "<group>"; };
		CE47299A193568FE00F49623 /* SecondViewController.m */ = {isa = PBXFileReference; fileEncoding = 4; lastKnownFileType = sourcecode.c.objc; lineEnding = 0; path = SecondViewController.m; sourceTree = "<group>"; xcLanguageSpecificationIdentifier = xcode.lang.objc; };
		EA282FA4192D797C0070002F /* AWSiOSSDK.framework */ = {isa = PBXFileReference; lastKnownFileType = wrapper.framework; path = AWSiOSSDK.framework; sourceTree = "<group>"; };
		EA59F88E192D331800606CA7 /* S3TransferManagerSample.app */ = {isa = PBXFileReference; explicitFileType = wrapper.application; includeInIndex = 0; path = S3TransferManagerSample.app; sourceTree = BUILT_PRODUCTS_DIR; };
		EA59F891192D331800606CA7 /* Foundation.framework */ = {isa = PBXFileReference; lastKnownFileType = wrapper.framework; name = Foundation.framework; path = System/Library/Frameworks/Foundation.framework; sourceTree = SDKROOT; };
		EA59F893192D331800606CA7 /* CoreGraphics.framework */ = {isa = PBXFileReference; lastKnownFileType = wrapper.framework; name = CoreGraphics.framework; path = System/Library/Frameworks/CoreGraphics.framework; sourceTree = SDKROOT; };
		EA59F895192D331800606CA7 /* UIKit.framework */ = {isa = PBXFileReference; lastKnownFileType = wrapper.framework; name = UIKit.framework; path = System/Library/Frameworks/UIKit.framework; sourceTree = SDKROOT; };
		EA59F8B3192D331800606CA7 /* XCTest.framework */ = {isa = PBXFileReference; lastKnownFileType = wrapper.framework; name = XCTest.framework; path = Library/Frameworks/XCTest.framework; sourceTree = DEVELOPER_DIR; };
		EA59F8C9192D3C8B00606CA7 /* Bolts.framework */ = {isa = PBXFileReference; lastKnownFileType = wrapper.framework; path = Bolts.framework; sourceTree = "<group>"; };
		EA59F8CB192D3C9600606CA7 /* CSURITemplate.framework */ = {isa = PBXFileReference; lastKnownFileType = wrapper.framework; path = CSURITemplate.framework; sourceTree = "<group>"; };
		EA59F8CD192D3C9F00606CA7 /* Mantle.framework */ = {isa = PBXFileReference; lastKnownFileType = wrapper.framework; path = Mantle.framework; sourceTree = "<group>"; };
		EA59F8CF192D3CA700606CA7 /* TMCache.framework */ = {isa = PBXFileReference; lastKnownFileType = wrapper.framework; path = TMCache.framework; sourceTree = "<group>"; };
		EA59F8D3192D3CB900606CA7 /* XMLDictionary.framework */ = {isa = PBXFileReference; lastKnownFileType = wrapper.framework; path = XMLDictionary.framework; sourceTree = "<group>"; };
		EAAB805C195B8C6800F32A1A /* DisplayImageController.h */ = {isa = PBXFileReference; fileEncoding = 4; lastKnownFileType = sourcecode.c.h; path = DisplayImageController.h; sourceTree = "<group>"; };
		EAAB805D195B8C6800F32A1A /* DisplayImageController.m */ = {isa = PBXFileReference; fileEncoding = 4; lastKnownFileType = sourcecode.c.objc; path = DisplayImageController.m; sourceTree = "<group>"; };
/* End PBXFileReference section */

/* Begin PBXFrameworksBuildPhase section */
		EA59F88B192D331800606CA7 /* Frameworks */ = {
			isa = PBXFrameworksBuildPhase;
			buildActionMask = 2147483647;
			files = (
				EA59F894192D331800606CA7 /* CoreGraphics.framework in Frameworks */,
				EA59F896192D331800606CA7 /* UIKit.framework in Frameworks */,
				EA59F892192D331800606CA7 /* Foundation.framework in Frameworks */,
				F2685DC58137470D8DB00852 /* libPods.a in Frameworks */,
			);
			runOnlyForDeploymentPostprocessing = 0;
		};
/* End PBXFrameworksBuildPhase section */

/* Begin PBXGroup section */
		CE47298A193568FE00F49623 /* S3TransferManagerSample */ = {
			isa = PBXGroup;
			children = (
				CE47298F193568FE00F49623 /* Constants.h */,
				CE472990193568FE00F49623 /* Constants.m */,
				CE4729A51935694B00F49623 /* S3TransferManager */,
				CE4729A41935692000F49623 /* Supporting Files */,
			);
			path = S3TransferManagerSample;
			sourceTree = "<group>";
		};
		CE4729A41935692000F49623 /* Supporting Files */ = {
			isa = PBXGroup;
			children = (
				CE472997193568FE00F49623 /* S3TransferManagerSample-Info.plist */,
				CE472991193568FE00F49623 /* InfoPlist.strings */,
				CE472996193568FE00F49623 /* main.m */,
				CE472998193568FE00F49623 /* S3TransferManagerSample-Prefix.pch */,
			);
			name = "Supporting Files";
			sourceTree = "<group>";
		};
		CE4729A51935694B00F49623 /* S3TransferManager */ = {
			isa = PBXGroup;
			children = (
				CE47298B193568FE00F49623 /* AppDelegate.h */,
				CE47298C193568FE00F49623 /* AppDelegate.m */,
				CE472993193568FE00F49623 /* FirstViewController.h */,
				CE472994193568FE00F49623 /* FirstViewController.m */,
				CE472999193568FE00F49623 /* SecondViewController.h */,
				CE47299A193568FE00F49623 /* SecondViewController.m */,
				CE47298D193568FE00F49623 /* Main.storyboard */,
				EAAB805C195B8C6800F32A1A /* DisplayImageController.h */,
				EAAB805D195B8C6800F32A1A /* DisplayImageController.m */,
				CE472995193568FE00F49623 /* Images.xcassets */,
			);
			name = S3TransferManager;
			sourceTree = "<group>";
		};
		EA59F885192D331800606CA7 = {
			isa = PBXGroup;
			children = (
				CE47298A193568FE00F49623 /* S3TransferManagerSample */,
				EA59F890192D331800606CA7 /* Frameworks */,
				EA59F88F192D331800606CA7 /* Products */,
				5AE0820217934A4B8861295C /* Pods.xcconfig */,
			);
			sourceTree = "<group>";
		};
		EA59F88F192D331800606CA7 /* Products */ = {
			isa = PBXGroup;
			children = (
				EA59F88E192D331800606CA7 /* S3TransferManagerSample.app */,
			);
			name = Products;
			sourceTree = "<group>";
		};
		EA59F890192D331800606CA7 /* Frameworks */ = {
			isa = PBXGroup;
			children = (
				EA282FA4192D797C0070002F /* AWSiOSSDK.framework */,
				EA59F8D3192D3CB900606CA7 /* XMLDictionary.framework */,
				EA59F8CF192D3CA700606CA7 /* TMCache.framework */,
				EA59F8CD192D3C9F00606CA7 /* Mantle.framework */,
				EA59F8CB192D3C9600606CA7 /* CSURITemplate.framework */,
				EA59F8C9192D3C8B00606CA7 /* Bolts.framework */,
				EA59F891192D331800606CA7 /* Foundation.framework */,
				EA59F893192D331800606CA7 /* CoreGraphics.framework */,
				EA59F895192D331800606CA7 /* UIKit.framework */,
				EA59F8B3192D331800606CA7 /* XCTest.framework */,
				224E759A47B44E1DAD02193F /* libPods.a */,
			);
			name = Frameworks;
			sourceTree = "<group>";
		};
/* End PBXGroup section */

/* Begin PBXNativeTarget section */
		EA59F88D192D331800606CA7 /* S3TransferManagerSample */ = {
			isa = PBXNativeTarget;
			buildConfigurationList = EA59F8C3192D331800606CA7 /* Build configuration list for PBXNativeTarget "S3TransferManagerSample" */;
			buildPhases = (
				FFCC8112A11B434BAC9E37C7 /* Check Pods Manifest.lock */,
				EA59F88A192D331800606CA7 /* Sources */,
				EA59F88B192D331800606CA7 /* Frameworks */,
				EA59F88C192D331800606CA7 /* Resources */,
				EEB52BE9A45C4DF68807579B /* Copy Pods Resources */,
			);
			buildRules = (
			);
			dependencies = (
			);
			name = S3TransferManagerSample;
			productName = S3TransferManagerDemo;
			productReference = EA59F88E192D331800606CA7 /* S3TransferManagerSample.app */;
			productType = "com.apple.product-type.application";
		};
/* End PBXNativeTarget section */

/* Begin PBXProject section */
		EA59F886192D331800606CA7 /* Project object */ = {
			isa = PBXProject;
			attributes = {
				LastUpgradeCheck = 0510;
				ORGANIZATIONNAME = "Amazon Web Services";
			};
			buildConfigurationList = EA59F889192D331800606CA7 /* Build configuration list for PBXProject "S3TransferManagerSample" */;
			compatibilityVersion = "Xcode 3.2";
			developmentRegion = English;
			hasScannedForEncodings = 0;
			knownRegions = (
				en,
				Base,
			);
			mainGroup = EA59F885192D331800606CA7;
			productRefGroup = EA59F88F192D331800606CA7 /* Products */;
			projectDirPath = "";
			projectRoot = "";
			targets = (
				EA59F88D192D331800606CA7 /* S3TransferManagerSample */,
			);
		};
/* End PBXProject section */

/* Begin PBXResourcesBuildPhase section */
		EA59F88C192D331800606CA7 /* Resources */ = {
			isa = PBXResourcesBuildPhase;
			buildActionMask = 2147483647;
			files = (
				CE4729A619356A3F00F49623 /* Main.storyboard in Resources */,
				CE4729A0193568FE00F49623 /* Images.xcassets in Resources */,
				CE47299E193568FE00F49623 /* InfoPlist.strings in Resources */,
			);
			runOnlyForDeploymentPostprocessing = 0;
		};
/* End PBXResourcesBuildPhase section */

/* Begin PBXShellScriptBuildPhase section */
		EEB52BE9A45C4DF68807579B /* Copy Pods Resources */ = {
			isa = PBXShellScriptBuildPhase;
			buildActionMask = 2147483647;
			files = (
			);
			inputPaths = (
			);
			name = "Copy Pods Resources";
			outputPaths = (
			);
			runOnlyForDeploymentPostprocessing = 0;
			shellPath = /bin/sh;
			shellScript = "\"${SRCROOT}/Pods/Pods-resources.sh\"\n";
			showEnvVarsInLog = 0;
		};
		FFCC8112A11B434BAC9E37C7 /* Check Pods Manifest.lock */ = {
			isa = PBXShellScriptBuildPhase;
			buildActionMask = 2147483647;
			files = (
			);
			inputPaths = (
			);
			name = "Check Pods Manifest.lock";
			outputPaths = (
			);
			runOnlyForDeploymentPostprocessing = 0;
			shellPath = /bin/sh;
			shellScript = "diff \"${PODS_ROOT}/../Podfile.lock\" \"${PODS_ROOT}/Manifest.lock\" > /dev/null\nif [[ $? != 0 ]] ; then\n    cat << EOM\nerror: The sandbox is not in sync with the Podfile.lock. Run 'pod install' or update your CocoaPods installation.\nEOM\n    exit 1\nfi\n";
			showEnvVarsInLog = 0;
		};
/* End PBXShellScriptBuildPhase section */

/* Begin PBXSourcesBuildPhase section */
		EA59F88A192D331800606CA7 /* Sources */ = {
			isa = PBXSourcesBuildPhase;
			buildActionMask = 2147483647;
			files = (
				CE4729A3193568FE00F49623 /* SecondViewController.m in Sources */,
				CE47299B193568FE00F49623 /* AppDelegate.m in Sources */,
				EAAB805E195B8C6800F32A1A /* DisplayImageController.m in Sources */,
				CE47299F193568FE00F49623 /* FirstViewController.m in Sources */,
				CE4729A1193568FE00F49623 /* main.m in Sources */,
				CE47299D193568FE00F49623 /* Constants.m in Sources */,
			);
			runOnlyForDeploymentPostprocessing = 0;
		};
/* End PBXSourcesBuildPhase section */

/* Begin PBXVariantGroup section */
		CE47298D193568FE00F49623 /* Main.storyboard */ = {
			isa = PBXVariantGroup;
			children = (
				CE47298E193568FE00F49623 /* Base */,
			);
			name = Main.storyboard;
			sourceTree = "<group>";
		};
		CE472991193568FE00F49623 /* InfoPlist.strings */ = {
			isa = PBXVariantGroup;
			children = (
				CE472992193568FE00F49623 /* en */,
			);
			name = InfoPlist.strings;
			sourceTree = "<group>";
		};
/* End PBXVariantGroup section */

/* Begin XCBuildConfiguration section */
		EA59F8C1192D331800606CA7 /* Debug */ = {
			isa = XCBuildConfiguration;
			buildSettings = {
				ALWAYS_SEARCH_USER_PATHS = NO;
				CLANG_CXX_LANGUAGE_STANDARD = "gnu++0x";
				CLANG_CXX_LIBRARY = "libc++";
				CLANG_ENABLE_MODULES = YES;
				CLANG_ENABLE_OBJC_ARC = YES;
				CLANG_WARN_BOOL_CONVERSION = YES;
				CLANG_WARN_CONSTANT_CONVERSION = YES;
				CLANG_WARN_DIRECT_OBJC_ISA_USAGE = YES_ERROR;
				CLANG_WARN_EMPTY_BODY = YES;
				CLANG_WARN_ENUM_CONVERSION = YES;
				CLANG_WARN_INT_CONVERSION = YES;
				CLANG_WARN_OBJC_ROOT_CLASS = YES_ERROR;
				CLANG_WARN__DUPLICATE_METHOD_MATCH = YES;
				"CODE_SIGN_IDENTITY[sdk=iphoneos*]" = "iPhone Developer";
				COPY_PHASE_STRIP = NO;
				GCC_C_LANGUAGE_STANDARD = gnu99;
				GCC_DYNAMIC_NO_PIC = NO;
				GCC_OPTIMIZATION_LEVEL = 0;
				GCC_PREPROCESSOR_DEFINITIONS = (
					"DEBUG=1",
					"$(inherited)",
				);
				GCC_SYMBOLS_PRIVATE_EXTERN = NO;
				GCC_WARN_64_TO_32_BIT_CONVERSION = YES;
				GCC_WARN_ABOUT_RETURN_TYPE = YES_ERROR;
				GCC_WARN_UNDECLARED_SELECTOR = YES;
				GCC_WARN_UNINITIALIZED_AUTOS = YES_AGGRESSIVE;
				GCC_WARN_UNUSED_FUNCTION = YES;
				GCC_WARN_UNUSED_VARIABLE = YES;
				IPHONEOS_DEPLOYMENT_TARGET = 7.0;
				ONLY_ACTIVE_ARCH = YES;
				SDKROOT = iphoneos;
			};
			name = Debug;
		};
		EA59F8C2192D331800606CA7 /* Release */ = {
			isa = XCBuildConfiguration;
			buildSettings = {
				ALWAYS_SEARCH_USER_PATHS = NO;
				CLANG_CXX_LANGUAGE_STANDARD = "gnu++0x";
				CLANG_CXX_LIBRARY = "libc++";
				CLANG_ENABLE_MODULES = YES;
				CLANG_ENABLE_OBJC_ARC = YES;
				CLANG_WARN_BOOL_CONVERSION = YES;
				CLANG_WARN_CONSTANT_CONVERSION = YES;
				CLANG_WARN_DIRECT_OBJC_ISA_USAGE = YES_ERROR;
				CLANG_WARN_EMPTY_BODY = YES;
				CLANG_WARN_ENUM_CONVERSION = YES;
				CLANG_WARN_INT_CONVERSION = YES;
				CLANG_WARN_OBJC_ROOT_CLASS = YES_ERROR;
				CLANG_WARN__DUPLICATE_METHOD_MATCH = YES;
				"CODE_SIGN_IDENTITY[sdk=iphoneos*]" = "iPhone Developer";
				COPY_PHASE_STRIP = YES;
				ENABLE_NS_ASSERTIONS = NO;
				GCC_C_LANGUAGE_STANDARD = gnu99;
				GCC_WARN_64_TO_32_BIT_CONVERSION = YES;
				GCC_WARN_ABOUT_RETURN_TYPE = YES_ERROR;
				GCC_WARN_UNDECLARED_SELECTOR = YES;
				GCC_WARN_UNINITIALIZED_AUTOS = YES_AGGRESSIVE;
				GCC_WARN_UNUSED_FUNCTION = YES;
				GCC_WARN_UNUSED_VARIABLE = YES;
				IPHONEOS_DEPLOYMENT_TARGET = 7.0;
				SDKROOT = iphoneos;
				VALIDATE_PRODUCT = YES;
			};
			name = Release;
		};
		EA59F8C4192D331800606CA7 /* Debug */ = {
			isa = XCBuildConfiguration;
			baseConfigurationReference = 5AE0820217934A4B8861295C /* Pods.xcconfig */;
			buildSettings = {
				ASSETCATALOG_COMPILER_APPICON_NAME = AppIcon;
				ASSETCATALOG_COMPILER_LAUNCHIMAGE_NAME = LaunchImage;
				FRAMEWORK_SEARCH_PATHS = (
					"$(inherited)",
					"$(PROJECT_DIR)",
				);
				GCC_PRECOMPILE_PREFIX_HEADER = YES;
				GCC_PREFIX_HEADER = "S3TransferManagerSample/S3TransferManagerSample-Prefix.pch";
				INFOPLIST_FILE = "S3TransferManagerSample/S3TransferManagerSample-Info.plist";
				IPHONEOS_DEPLOYMENT_TARGET = 7.0;
				PRODUCT_NAME = S3TransferManagerSample;
				WRAPPER_EXTENSION = app;
			};
			name = Debug;
		};
		EA59F8C5192D331800606CA7 /* Release */ = {
			isa = XCBuildConfiguration;
			baseConfigurationReference = 5AE0820217934A4B8861295C /* Pods.xcconfig */;
			buildSettings = {
				ASSETCATALOG_COMPILER_APPICON_NAME = AppIcon;
				ASSETCATALOG_COMPILER_LAUNCHIMAGE_NAME = LaunchImage;
				FRAMEWORK_SEARCH_PATHS = (
					"$(inherited)",
					"$(PROJECT_DIR)",
				);
				GCC_PRECOMPILE_PREFIX_HEADER = YES;
				GCC_PREFIX_HEADER = "S3TransferManagerSample/S3TransferManagerSample-Prefix.pch";
				INFOPLIST_FILE = "S3TransferManagerSample/S3TransferManagerSample-Info.plist";
				IPHONEOS_DEPLOYMENT_TARGET = 7.0;
				PRODUCT_NAME = S3TransferManagerSample;
				WRAPPER_EXTENSION = app;
			};
			name = Release;
		};
/* End XCBuildConfiguration section */

/* Begin XCConfigurationList section */
		EA59F889192D331800606CA7 /* Build configuration list for PBXProject "S3TransferManagerSample" */ = {
			isa = XCConfigurationList;
			buildConfigurations = (
				EA59F8C1192D331800606CA7 /* Debug */,
				EA59F8C2192D331800606CA7 /* Release */,
			);
			defaultConfigurationIsVisible = 0;
			defaultConfigurationName = Release;
		};
		EA59F8C3192D331800606CA7 /* Build configuration list for PBXNativeTarget "S3TransferManagerSample" */ = {
			isa = XCConfigurationList;
			buildConfigurations = (
				EA59F8C4192D331800606CA7 /* Debug */,
				EA59F8C5192D331800606CA7 /* Release */,
			);
			defaultConfigurationIsVisible = 0;
			defaultConfigurationName = Release;
		};
/* End XCConfigurationList section */
	};
	rootObject = EA59F886192D331800606CA7 /* Project object */;
}
