// !$*UTF8*$!
{
	archiveVersion = 1;
	classes = {
	};
	objectVersion = 46;
	objects = {

/* Begin PBXBuildFile section */
		CE65E855160B9DEC000F1A54 /* Default-568h@2x.png in Resources */ = {isa = PBXBuildFile; fileRef = CE65E854160B9DEC000F1A54 /* Default-568h@2x.png */; };
		D00F7D3813E737B900C72263 /* UIKit.framework in Frameworks */ = {isa = PBXBuildFile; fileRef = D00F7D3713E737B900C72263 /* UIKit.framework */; };
		D00F7D3A13E737B900C72263 /* Foundation.framework in Frameworks */ = {isa = PBXBuildFile; fileRef = D00F7D3913E737B900C72263 /* Foundation.framework */; };
		D00F7D3C13E737B900C72263 /* CoreGraphics.framework in Frameworks */ = {isa = PBXBuildFile; fileRef = D00F7D3B13E737B900C72263 /* CoreGraphics.framework */; };
		D00F7D4213E737B900C72263 /* InfoPlist.strings in Resources */ = {isa = PBXBuildFile; fileRef = D00F7D4013E737B900C72263 /* InfoPlist.strings */; };
		D00F7D4513E737B900C72263 /* main.m in Sources */ = {isa = PBXBuildFile; fileRef = D00F7D4413E737B900C72263 /* main.m */; };
		D00F7D4813E737B900C72263 /* AppDelegate.m in Sources */ = {isa = PBXBuildFile; fileRef = D00F7D4713E737B900C72263 /* AppDelegate.m */; };
		D00F7D4E13E737B900C72263 /* AWSiOSDemoTVMViewController.m in Sources */ = {isa = PBXBuildFile; fileRef = D00F7D4D13E737B900C72263 /* AWSiOSDemoTVMViewController.m */; };
		D00F7D5113E737B900C72263 /* AWSiOSDemoTVMViewController.xib in Resources */ = {isa = PBXBuildFile; fileRef = D00F7D4F13E737B900C72263 /* AWSiOSDemoTVMViewController.xib */; };
		D02A9FB213E762850007810F /* AmazonKeyChainWrapper.m in Sources */ = {isa = PBXBuildFile; fileRef = D02A9F9B13E762850007810F /* AmazonKeyChainWrapper.m */; };
		D02A9FB313E762850007810F /* AmazonTVMClient.m in Sources */ = {isa = PBXBuildFile; fileRef = D02A9F9D13E762850007810F /* AmazonTVMClient.m */; };
		D02A9FB413E762850007810F /* Crypto.m in Sources */ = {isa = PBXBuildFile; fileRef = D02A9F9F13E762850007810F /* Crypto.m */; };
		D02A9FB513E762850007810F /* GetTokenRequest.m in Sources */ = {isa = PBXBuildFile; fileRef = D02A9FA113E762850007810F /* GetTokenRequest.m */; };
		D02A9FB613E762850007810F /* GetTokenResponse.m in Sources */ = {isa = PBXBuildFile; fileRef = D02A9FA313E762850007810F /* GetTokenResponse.m */; };
		D02A9FB713E762850007810F /* GetTokenResponseHandler.m in Sources */ = {isa = PBXBuildFile; fileRef = D02A9FA513E762850007810F /* GetTokenResponseHandler.m */; };
		D02A9FB813E762850007810F /* JSONUtilities.m in Sources */ = {isa = PBXBuildFile; fileRef = D02A9FA713E762850007810F /* JSONUtilities.m */; };
		D02A9FB913E762850007810F /* RegisterDeviceRequest.m in Sources */ = {isa = PBXBuildFile; fileRef = D02A9FA913E762850007810F /* RegisterDeviceRequest.m */; };
		D02A9FBA13E762850007810F /* Request.m in Sources */ = {isa = PBXBuildFile; fileRef = D02A9FAB13E762850007810F /* Request.m */; };
		D02A9FBB13E762850007810F /* RequestDelegate.m in Sources */ = {isa = PBXBuildFile; fileRef = D02A9FAD13E762850007810F /* RequestDelegate.m */; };
		D02A9FBC13E762850007810F /* Response.m in Sources */ = {isa = PBXBuildFile; fileRef = D02A9FAF13E762850007810F /* Response.m */; };
		D02A9FBD13E762850007810F /* ResponseHandler.m in Sources */ = {isa = PBXBuildFile; fileRef = D02A9FB113E762850007810F /* ResponseHandler.m */; };
		D060468417B8095400FDBE3D /* AddBucketViewController.m in Sources */ = {isa = PBXBuildFile; fileRef = D060466C17B8095400FDBE3D /* AddBucketViewController.m */; };
		D060468517B8095400FDBE3D /* AddBucketViewController.xib in Resources */ = {isa = PBXBuildFile; fileRef = D060466D17B8095400FDBE3D /* AddBucketViewController.xib */; };
		D060468617B8095400FDBE3D /* AddObjectViewController.m in Sources */ = {isa = PBXBuildFile; fileRef = D060466F17B8095400FDBE3D /* AddObjectViewController.m */; };
		D060468717B8095400FDBE3D /* AddObjectViewController.xib in Resources */ = {isa = PBXBuildFile; fileRef = D060467017B8095400FDBE3D /* AddObjectViewController.xib */; };
		D060468817B8095400FDBE3D /* AsyncImageDownloader.m in Sources */ = {isa = PBXBuildFile; fileRef = D060467217B8095400FDBE3D /* AsyncImageDownloader.m */; };
		D060468917B8095400FDBE3D /* AsyncImageUploader.m in Sources */ = {isa = PBXBuildFile; fileRef = D060467417B8095400FDBE3D /* AsyncImageUploader.m */; };
		D060468A17B8095400FDBE3D /* BucketList.m in Sources */ = {isa = PBXBuildFile; fileRef = D060467617B8095400FDBE3D /* BucketList.m */; };
		D060468B17B8095400FDBE3D /* ObjectListing.m in Sources */ = {isa = PBXBuildFile; fileRef = D060467817B8095400FDBE3D /* ObjectListing.m */; };
		D060468C17B8095400FDBE3D /* ObjectViewController.m in Sources */ = {isa = PBXBuildFile; fileRef = D060467A17B8095400FDBE3D /* ObjectViewController.m */; };
		D060468D17B8095400FDBE3D /* ObjectViewController.xib in Resources */ = {isa = PBXBuildFile; fileRef = D060467B17B8095400FDBE3D /* ObjectViewController.xib */; };
		D060468E17B8095400FDBE3D /* S3AsyncViewController.m in Sources */ = {isa = PBXBuildFile; fileRef = D060467D17B8095400FDBE3D /* S3AsyncViewController.m */; };
		D060468F17B8095400FDBE3D /* S3AsyncViewController.xib in Resources */ = {isa = PBXBuildFile; fileRef = D060467E17B8095400FDBE3D /* S3AsyncViewController.xib */; };
		D060469017B8095400FDBE3D /* S3NSOperationDemoView.xib in Resources */ = {isa = PBXBuildFile; fileRef = D060467F17B8095400FDBE3D /* S3NSOperationDemoView.xib */; };
		D060469117B8095400FDBE3D /* S3NSOperationDemoViewController.m in Sources */ = {isa = PBXBuildFile; fileRef = D060468117B8095400FDBE3D /* S3NSOperationDemoViewController.m */; };
		D060469217B8095400FDBE3D /* S3ResponseHandler.m in Sources */ = {isa = PBXBuildFile; fileRef = D060468317B8095400FDBE3D /* S3ResponseHandler.m */; };
		D060469F17B8097C00FDBE3D /* DomainList.m in Sources */ = {isa = PBXBuildFile; fileRef = D060469517B8097C00FDBE3D /* DomainList.m */; };
		D06046A017B8097C00FDBE3D /* ItemListing.m in Sources */ = {isa = PBXBuildFile; fileRef = D060469717B8097C00FDBE3D /* ItemListing.m */; };
		D06046A117B8097C00FDBE3D /* ItemViewController.m in Sources */ = {isa = PBXBuildFile; fileRef = D060469917B8097C00FDBE3D /* ItemViewController.m */; };
		D06046A217B8097C00FDBE3D /* SdbAsyncViewController.m in Sources */ = {isa = PBXBuildFile; fileRef = D060469B17B8097C00FDBE3D /* SdbAsyncViewController.m */; };
		D06046A317B8097C00FDBE3D /* SdbAsyncViewController.xib in Resources */ = {isa = PBXBuildFile; fileRef = D060469C17B8097C00FDBE3D /* SdbAsyncViewController.xib */; };
		D06046A417B8097C00FDBE3D /* SdbRequestDelegate.m in Sources */ = {isa = PBXBuildFile; fileRef = D060469E17B8097C00FDBE3D /* SdbRequestDelegate.m */; };
		D06046A717B8098600FDBE3D /* TopicList.m in Sources */ = {isa = PBXBuildFile; fileRef = D06046A617B8098600FDBE3D /* TopicList.m */; };
		D06046B517B8098F00FDBE3D /* AddQueue.m in Sources */ = {isa = PBXBuildFile; fileRef = D06046A917B8098F00FDBE3D /* AddQueue.m */; };
		D06046B617B8098F00FDBE3D /* AddQueue.xib in Resources */ = {isa = PBXBuildFile; fileRef = D06046AA17B8098F00FDBE3D /* AddQueue.xib */; };
		D06046B717B8098F00FDBE3D /* Message.m in Sources */ = {isa = PBXBuildFile; fileRef = D06046AC17B8098F00FDBE3D /* Message.m */; };
		D06046B817B8098F00FDBE3D /* Message.xib in Resources */ = {isa = PBXBuildFile; fileRef = D06046AD17B8098F00FDBE3D /* Message.xib */; };
		D06046B917B8098F00FDBE3D /* MessageList.m in Sources */ = {isa = PBXBuildFile; fileRef = D06046AF17B8098F00FDBE3D /* MessageList.m */; };
		D06046BA17B8098F00FDBE3D /* QueueList.m in Sources */ = {isa = PBXBuildFile; fileRef = D06046B117B8098F00FDBE3D /* QueueList.m */; };
		D06046BB17B8098F00FDBE3D /* SendMessage.m in Sources */ = {isa = PBXBuildFile; fileRef = D06046B317B8098F00FDBE3D /* SendMessage.m */; };
		D06046BC17B8098F00FDBE3D /* SendMessage.xib in Resources */ = {isa = PBXBuildFile; fileRef = D06046B417B8098F00FDBE3D /* SendMessage.xib */; };
		D06046C117B8099C00FDBE3D /* image1.png in Resources */ = {isa = PBXBuildFile; fileRef = D06046BD17B8099C00FDBE3D /* image1.png */; };
		D06046C217B8099C00FDBE3D /* image2.png in Resources */ = {isa = PBXBuildFile; fileRef = D06046BE17B8099C00FDBE3D /* image2.png */; };
		D06046C317B8099C00FDBE3D /* image3.png in Resources */ = {isa = PBXBuildFile; fileRef = D06046BF17B8099C00FDBE3D /* image3.png */; };
		D06046C417B8099C00FDBE3D /* temp.txt in Resources */ = {isa = PBXBuildFile; fileRef = D06046C017B8099C00FDBE3D /* temp.txt */; };
		D0B715F413E73AC3006220BB /* AmazonClientManager.m in Sources */ = {isa = PBXBuildFile; fileRef = D0B715B813E73AC2006220BB /* AmazonClientManager.m */; };
		D0B715F513E73AC3006220BB /* Constants.m in Sources */ = {isa = PBXBuildFile; fileRef = D0B715BA13E73AC2006220BB /* Constants.m */; };
		D0B7163713E7445B006220BB /* Security.framework in Frameworks */ = {isa = PBXBuildFile; fileRef = D0B7163613E7445B006220BB /* Security.framework */; };
/* End PBXBuildFile section */

/* Begin PBXFileReference section */
		CE65E854160B9DEC000F1A54 /* Default-568h@2x.png */ = {isa = PBXFileReference; lastKnownFileType = image.png; path = "Default-568h@2x.png"; sourceTree = "<group>"; };
		D00F7D3313E737B900C72263 /* AWSiOSDemoTVM.app */ = {isa = PBXFileReference; explicitFileType = wrapper.application; includeInIndex = 0; path = AWSiOSDemoTVM.app; sourceTree = BUILT_PRODUCTS_DIR; };
		D00F7D3713E737B900C72263 /* UIKit.framework */ = {isa = PBXFileReference; lastKnownFileType = wrapper.framework; name = UIKit.framework; path = System/Library/Frameworks/UIKit.framework; sourceTree = SDKROOT; };
		D00F7D3913E737B900C72263 /* Foundation.framework */ = {isa = PBXFileReference; lastKnownFileType = wrapper.framework; name = Foundation.framework; path = System/Library/Frameworks/Foundation.framework; sourceTree = SDKROOT; };
		D00F7D3B13E737B900C72263 /* CoreGraphics.framework */ = {isa = PBXFileReference; lastKnownFileType = wrapper.framework; name = CoreGraphics.framework; path = System/Library/Frameworks/CoreGraphics.framework; sourceTree = SDKROOT; };
		D00F7D3F13E737B900C72263 /* Info.plist */ = {isa = PBXFileReference; lastKnownFileType = text.plist.xml; path = Info.plist; sourceTree = "<group>"; };
		D00F7D4113E737B900C72263 /* en */ = {isa = PBXFileReference; lastKnownFileType = text.plist.strings; name = en; path = en.lproj/InfoPlist.strings; sourceTree = "<group>"; };
		D00F7D4313E737B900C72263 /* AWSiOSDemoTVM-Prefix.pch */ = {isa = PBXFileReference; lastKnownFileType = sourcecode.c.h; path = "AWSiOSDemoTVM-Prefix.pch"; sourceTree = "<group>"; };
		D00F7D4413E737B900C72263 /* main.m */ = {isa = PBXFileReference; lastKnownFileType = sourcecode.c.objc; path = main.m; sourceTree = "<group>"; };
		D00F7D4613E737B900C72263 /* AppDelegate.h */ = {isa = PBXFileReference; lastKnownFileType = sourcecode.c.h; name = AppDelegate.h; path = ../AppDelegate.h; sourceTree = "<group>"; };
		D00F7D4713E737B900C72263 /* AppDelegate.m */ = {isa = PBXFileReference; lastKnownFileType = sourcecode.c.objc; name = AppDelegate.m; path = ../AppDelegate.m; sourceTree = "<group>"; };
		D00F7D4C13E737B900C72263 /* AWSiOSDemoTVMViewController.h */ = {isa = PBXFileReference; lastKnownFileType = sourcecode.c.h; name = AWSiOSDemoTVMViewController.h; path = ../AWSiOSDemoTVMViewController.h; sourceTree = "<group>"; };
		D00F7D4D13E737B900C72263 /* AWSiOSDemoTVMViewController.m */ = {isa = PBXFileReference; lastKnownFileType = sourcecode.c.objc; name = AWSiOSDemoTVMViewController.m; path = ../AWSiOSDemoTVMViewController.m; sourceTree = "<group>"; };
		D00F7D5013E737B900C72263 /* en */ = {isa = PBXFileReference; lastKnownFileType = file.xib; name = en; path = en.lproj/AWSiOSDemoTVMViewController.xib; sourceTree = "<group>"; };
		D02A9F9A13E762850007810F /* AmazonKeyChainWrapper.h */ = {isa = PBXFileReference; fileEncoding = 4; lastKnownFileType = sourcecode.c.h; path = AmazonKeyChainWrapper.h; sourceTree = "<group>"; };
		D02A9F9B13E762850007810F /* AmazonKeyChainWrapper.m */ = {isa = PBXFileReference; fileEncoding = 4; lastKnownFileType = sourcecode.c.objc; path = AmazonKeyChainWrapper.m; sourceTree = "<group>"; };
		D02A9F9C13E762850007810F /* AmazonTVMClient.h */ = {isa = PBXFileReference; fileEncoding = 4; lastKnownFileType = sourcecode.c.h; path = AmazonTVMClient.h; sourceTree = "<group>"; };
		D02A9F9D13E762850007810F /* AmazonTVMClient.m */ = {isa = PBXFileReference; fileEncoding = 4; lastKnownFileType = sourcecode.c.objc; path = AmazonTVMClient.m; sourceTree = "<group>"; };
		D02A9F9E13E762850007810F /* Crypto.h */ = {isa = PBXFileReference; fileEncoding = 4; lastKnownFileType = sourcecode.c.h; path = Crypto.h; sourceTree = "<group>"; };
		D02A9F9F13E762850007810F /* Crypto.m */ = {isa = PBXFileReference; fileEncoding = 4; lastKnownFileType = sourcecode.c.objc; path = Crypto.m; sourceTree = "<group>"; };
		D02A9FA013E762850007810F /* GetTokenRequest.h */ = {isa = PBXFileReference; fileEncoding = 4; lastKnownFileType = sourcecode.c.h; path = GetTokenRequest.h; sourceTree = "<group>"; };
		D02A9FA113E762850007810F /* GetTokenRequest.m */ = {isa = PBXFileReference; fileEncoding = 4; lastKnownFileType = sourcecode.c.objc; path = GetTokenRequest.m; sourceTree = "<group>"; };
		D02A9FA213E762850007810F /* GetTokenResponse.h */ = {isa = PBXFileReference; fileEncoding = 4; lastKnownFileType = sourcecode.c.h; path = GetTokenResponse.h; sourceTree = "<group>"; };
		D02A9FA313E762850007810F /* GetTokenResponse.m */ = {isa = PBXFileReference; fileEncoding = 4; lastKnownFileType = sourcecode.c.objc; path = GetTokenResponse.m; sourceTree = "<group>"; };
		D02A9FA413E762850007810F /* GetTokenResponseHandler.h */ = {isa = PBXFileReference; fileEncoding = 4; lastKnownFileType = sourcecode.c.h; path = GetTokenResponseHandler.h; sourceTree = "<group>"; };
		D02A9FA513E762850007810F /* GetTokenResponseHandler.m */ = {isa = PBXFileReference; fileEncoding = 4; lastKnownFileType = sourcecode.c.objc; path = GetTokenResponseHandler.m; sourceTree = "<group>"; };
		D02A9FA613E762850007810F /* JSONUtilities.h */ = {isa = PBXFileReference; fileEncoding = 4; lastKnownFileType = sourcecode.c.h; path = JSONUtilities.h; sourceTree = "<group>"; };
		D02A9FA713E762850007810F /* JSONUtilities.m */ = {isa = PBXFileReference; fileEncoding = 4; lastKnownFileType = sourcecode.c.objc; path = JSONUtilities.m; sourceTree = "<group>"; };
		D02A9FA813E762850007810F /* RegisterDeviceRequest.h */ = {isa = PBXFileReference; fileEncoding = 4; lastKnownFileType = sourcecode.c.h; path = RegisterDeviceRequest.h; sourceTree = "<group>"; };
		D02A9FA913E762850007810F /* RegisterDeviceRequest.m */ = {isa = PBXFileReference; fileEncoding = 4; lastKnownFileType = sourcecode.c.objc; path = RegisterDeviceRequest.m; sourceTree = "<group>"; };
		D02A9FAA13E762850007810F /* Request.h */ = {isa = PBXFileReference; fileEncoding = 4; lastKnownFileType = sourcecode.c.h; path = Request.h; sourceTree = "<group>"; };
		D02A9FAB13E762850007810F /* Request.m */ = {isa = PBXFileReference; fileEncoding = 4; lastKnownFileType = sourcecode.c.objc; path = Request.m; sourceTree = "<group>"; };
		D02A9FAC13E762850007810F /* RequestDelegate.h */ = {isa = PBXFileReference; fileEncoding = 4; lastKnownFileType = sourcecode.c.h; path = RequestDelegate.h; sourceTree = "<group>"; };
		D02A9FAD13E762850007810F /* RequestDelegate.m */ = {isa = PBXFileReference; fileEncoding = 4; lastKnownFileType = sourcecode.c.objc; path = RequestDelegate.m; sourceTree = "<group>"; };
		D02A9FAE13E762850007810F /* Response.h */ = {isa = PBXFileReference; fileEncoding = 4; lastKnownFileType = sourcecode.c.h; path = Response.h; sourceTree = "<group>"; };
		D02A9FAF13E762850007810F /* Response.m */ = {isa = PBXFileReference; fileEncoding = 4; lastKnownFileType = sourcecode.c.objc; path = Response.m; sourceTree = "<group>"; };
		D02A9FB013E762850007810F /* ResponseHandler.h */ = {isa = PBXFileReference; fileEncoding = 4; lastKnownFileType = sourcecode.c.h; path = ResponseHandler.h; sourceTree = "<group>"; };
		D02A9FB113E762850007810F /* ResponseHandler.m */ = {isa = PBXFileReference; fileEncoding = 4; lastKnownFileType = sourcecode.c.objc; path = ResponseHandler.m; sourceTree = "<group>"; };
		D060466B17B8095400FDBE3D /* AddBucketViewController.h */ = {isa = PBXFileReference; fileEncoding = 4; lastKnownFileType = sourcecode.c.h; name = AddBucketViewController.h; path = S3/AddBucketViewController.h; sourceTree = "<group>"; };
		D060466C17B8095400FDBE3D /* AddBucketViewController.m */ = {isa = PBXFileReference; fileEncoding = 4; lastKnownFileType = sourcecode.c.objc; name = AddBucketViewController.m; path = S3/AddBucketViewController.m; sourceTree = "<group>"; };
		D060466D17B8095400FDBE3D /* AddBucketViewController.xib */ = {isa = PBXFileReference; fileEncoding = 4; lastKnownFileType = file.xib; name = AddBucketViewController.xib; path = S3/AddBucketViewController.xib; sourceTree = "<group>"; };
		D060466E17B8095400FDBE3D /* AddObjectViewController.h */ = {isa = PBXFileReference; fileEncoding = 4; lastKnownFileType = sourcecode.c.h; name = AddObjectViewController.h; path = S3/AddObjectViewController.h; sourceTree = "<group>"; };
		D060466F17B8095400FDBE3D /* AddObjectViewController.m */ = {isa = PBXFileReference; fileEncoding = 4; lastKnownFileType = sourcecode.c.objc; name = AddObjectViewController.m; path = S3/AddObjectViewController.m; sourceTree = "<group>"; };
		D060467017B8095400FDBE3D /* AddObjectViewController.xib */ = {isa = PBXFileReference; fileEncoding = 4; lastKnownFileType = file.xib; name = AddObjectViewController.xib; path = S3/AddObjectViewController.xib; sourceTree = "<group>"; };
		D060467117B8095400FDBE3D /* AsyncImageDownloader.h */ = {isa = PBXFileReference; fileEncoding = 4; lastKnownFileType = sourcecode.c.h; name = AsyncImageDownloader.h; path = S3/AsyncImageDownloader.h; sourceTree = "<group>"; };
		D060467217B8095400FDBE3D /* AsyncImageDownloader.m */ = {isa = PBXFileReference; fileEncoding = 4; lastKnownFileType = sourcecode.c.objc; name = AsyncImageDownloader.m; path = S3/AsyncImageDownloader.m; sourceTree = "<group>"; };
		D060467317B8095400FDBE3D /* AsyncImageUploader.h */ = {isa = PBXFileReference; fileEncoding = 4; lastKnownFileType = sourcecode.c.h; name = AsyncImageUploader.h; path = S3/AsyncImageUploader.h; sourceTree = "<group>"; };
		D060467417B8095400FDBE3D /* AsyncImageUploader.m */ = {isa = PBXFileReference; fileEncoding = 4; lastKnownFileType = sourcecode.c.objc; name = AsyncImageUploader.m; path = S3/AsyncImageUploader.m; sourceTree = "<group>"; };
		D060467517B8095400FDBE3D /* BucketList.h */ = {isa = PBXFileReference; fileEncoding = 4; lastKnownFileType = sourcecode.c.h; name = BucketList.h; path = S3/BucketList.h; sourceTree = "<group>"; };
		D060467617B8095400FDBE3D /* BucketList.m */ = {isa = PBXFileReference; fileEncoding = 4; lastKnownFileType = sourcecode.c.objc; name = BucketList.m; path = S3/BucketList.m; sourceTree = "<group>"; };
		D060467717B8095400FDBE3D /* ObjectListing.h */ = {isa = PBXFileReference; fileEncoding = 4; lastKnownFileType = sourcecode.c.h; name = ObjectListing.h; path = S3/ObjectListing.h; sourceTree = "<group>"; };
		D060467817B8095400FDBE3D /* ObjectListing.m */ = {isa = PBXFileReference; fileEncoding = 4; lastKnownFileType = sourcecode.c.objc; name = ObjectListing.m; path = S3/ObjectListing.m; sourceTree = "<group>"; };
		D060467917B8095400FDBE3D /* ObjectViewController.h */ = {isa = PBXFileReference; fileEncoding = 4; lastKnownFileType = sourcecode.c.h; name = ObjectViewController.h; path = S3/ObjectViewController.h; sourceTree = "<group>"; };
		D060467A17B8095400FDBE3D /* ObjectViewController.m */ = {isa = PBXFileReference; fileEncoding = 4; lastKnownFileType = sourcecode.c.objc; name = ObjectViewController.m; path = S3/ObjectViewController.m; sourceTree = "<group>"; };
		D060467B17B8095400FDBE3D /* ObjectViewController.xib */ = {isa = PBXFileReference; fileEncoding = 4; lastKnownFileType = file.xib; name = ObjectViewController.xib; path = S3/ObjectViewController.xib; sourceTree = "<group>"; };
		D060467C17B8095400FDBE3D /* S3AsyncViewController.h */ = {isa = PBXFileReference; fileEncoding = 4; lastKnownFileType = sourcecode.c.h; name = S3AsyncViewController.h; path = S3/S3AsyncViewController.h; sourceTree = "<group>"; };
		D060467D17B8095400FDBE3D /* S3AsyncViewController.m */ = {isa = PBXFileReference; fileEncoding = 4; lastKnownFileType = sourcecode.c.objc; name = S3AsyncViewController.m; path = S3/S3AsyncViewController.m; sourceTree = "<group>"; };
		D060467E17B8095400FDBE3D /* S3AsyncViewController.xib */ = {isa = PBXFileReference; fileEncoding = 4; lastKnownFileType = file.xib; name = S3AsyncViewController.xib; path = S3/S3AsyncViewController.xib; sourceTree = "<group>"; };
		D060467F17B8095400FDBE3D /* S3NSOperationDemoView.xib */ = {isa = PBXFileReference; fileEncoding = 4; lastKnownFileType = file.xib; name = S3NSOperationDemoView.xib; path = S3/S3NSOperationDemoView.xib; sourceTree = "<group>"; };
		D060468017B8095400FDBE3D /* S3NSOperationDemoViewController.h */ = {isa = PBXFileReference; fileEncoding = 4; lastKnownFileType = sourcecode.c.h; name = S3NSOperationDemoViewController.h; path = S3/S3NSOperationDemoViewController.h; sourceTree = "<group>"; };
		D060468117B8095400FDBE3D /* S3NSOperationDemoViewController.m */ = {isa = PBXFileReference; fileEncoding = 4; lastKnownFileType = sourcecode.c.objc; name = S3NSOperationDemoViewController.m; path = S3/S3NSOperationDemoViewController.m; sourceTree = "<group>"; };
		D060468217B8095400FDBE3D /* S3ResponseHandler.h */ = {isa = PBXFileReference; fileEncoding = 4; lastKnownFileType = sourcecode.c.h; name = S3ResponseHandler.h; path = S3/S3ResponseHandler.h; sourceTree = "<group>"; };
		D060468317B8095400FDBE3D /* S3ResponseHandler.m */ = {isa = PBXFileReference; fileEncoding = 4; lastKnownFileType = sourcecode.c.objc; name = S3ResponseHandler.m; path = S3/S3ResponseHandler.m; sourceTree = "<group>"; };
		D060469417B8097C00FDBE3D /* DomainList.h */ = {isa = PBXFileReference; fileEncoding = 4; lastKnownFileType = sourcecode.c.h; name = DomainList.h; path = SDB/DomainList.h; sourceTree = "<group>"; };
		D060469517B8097C00FDBE3D /* DomainList.m */ = {isa = PBXFileReference; fileEncoding = 4; lastKnownFileType = sourcecode.c.objc; name = DomainList.m; path = SDB/DomainList.m; sourceTree = "<group>"; };
		D060469617B8097C00FDBE3D /* ItemListing.h */ = {isa = PBXFileReference; fileEncoding = 4; lastKnownFileType = sourcecode.c.h; name = ItemListing.h; path = SDB/ItemListing.h; sourceTree = "<group>"; };
		D060469717B8097C00FDBE3D /* ItemListing.m */ = {isa = PBXFileReference; fileEncoding = 4; lastKnownFileType = sourcecode.c.objc; name = ItemListing.m; path = SDB/ItemListing.m; sourceTree = "<group>"; };
		D060469817B8097C00FDBE3D /* ItemViewController.h */ = {isa = PBXFileReference; fileEncoding = 4; lastKnownFileType = sourcecode.c.h; name = ItemViewController.h; path = SDB/ItemViewController.h; sourceTree = "<group>"; };
		D060469917B8097C00FDBE3D /* ItemViewController.m */ = {isa = PBXFileReference; fileEncoding = 4; lastKnownFileType = sourcecode.c.objc; name = ItemViewController.m; path = SDB/ItemViewController.m; sourceTree = "<group>"; };
		D060469A17B8097C00FDBE3D /* SdbAsyncViewController.h */ = {isa = PBXFileReference; fileEncoding = 4; lastKnownFileType = sourcecode.c.h; name = SdbAsyncViewController.h; path = SDB/SdbAsyncViewController.h; sourceTree = "<group>"; };
		D060469B17B8097C00FDBE3D /* SdbAsyncViewController.m */ = {isa = PBXFileReference; fileEncoding = 4; lastKnownFileType = sourcecode.c.objc; name = SdbAsyncViewController.m; path = SDB/SdbAsyncViewController.m; sourceTree = "<group>"; };
		D060469C17B8097C00FDBE3D /* SdbAsyncViewController.xib */ = {isa = PBXFileReference; fileEncoding = 4; lastKnownFileType = file.xib; name = SdbAsyncViewController.xib; path = SDB/SdbAsyncViewController.xib; sourceTree = "<group>"; };
		D060469D17B8097C00FDBE3D /* SdbRequestDelegate.h */ = {isa = PBXFileReference; fileEncoding = 4; lastKnownFileType = sourcecode.c.h; name = SdbRequestDelegate.h; path = SDB/SdbRequestDelegate.h; sourceTree = "<group>"; };
		D060469E17B8097C00FDBE3D /* SdbRequestDelegate.m */ = {isa = PBXFileReference; fileEncoding = 4; lastKnownFileType = sourcecode.c.objc; name = SdbRequestDelegate.m; path = SDB/SdbRequestDelegate.m; sourceTree = "<group>"; };
		D06046A517B8098600FDBE3D /* TopicList.h */ = {isa = PBXFileReference; fileEncoding = 4; lastKnownFileType = sourcecode.c.h; name = TopicList.h; path = SNS/TopicList.h; sourceTree = "<group>"; };
		D06046A617B8098600FDBE3D /* TopicList.m */ = {isa = PBXFileReference; fileEncoding = 4; lastKnownFileType = sourcecode.c.objc; name = TopicList.m; path = SNS/TopicList.m; sourceTree = "<group>"; };
		D06046A817B8098F00FDBE3D /* AddQueue.h */ = {isa = PBXFileReference; fileEncoding = 4; lastKnownFileType = sourcecode.c.h; name = AddQueue.h; path = SQS/AddQueue.h; sourceTree = "<group>"; };
		D06046A917B8098F00FDBE3D /* AddQueue.m */ = {isa = PBXFileReference; fileEncoding = 4; lastKnownFileType = sourcecode.c.objc; name = AddQueue.m; path = SQS/AddQueue.m; sourceTree = "<group>"; };
		D06046AA17B8098F00FDBE3D /* AddQueue.xib */ = {isa = PBXFileReference; fileEncoding = 4; lastKnownFileType = file.xib; name = AddQueue.xib; path = SQS/AddQueue.xib; sourceTree = "<group>"; };
		D06046AB17B8098F00FDBE3D /* Message.h */ = {isa = PBXFileReference; fileEncoding = 4; lastKnownFileType = sourcecode.c.h; name = Message.h; path = SQS/Message.h; sourceTree = "<group>"; };
		D06046AC17B8098F00FDBE3D /* Message.m */ = {isa = PBXFileReference; fileEncoding = 4; lastKnownFileType = sourcecode.c.objc; name = Message.m; path = SQS/Message.m; sourceTree = "<group>"; };
		D06046AD17B8098F00FDBE3D /* Message.xib */ = {isa = PBXFileReference; fileEncoding = 4; lastKnownFileType = file.xib; name = Message.xib; path = SQS/Message.xib; sourceTree = "<group>"; };
		D06046AE17B8098F00FDBE3D /* MessageList.h */ = {isa = PBXFileReference; fileEncoding = 4; lastKnownFileType = sourcecode.c.h; name = MessageList.h; path = SQS/MessageList.h; sourceTree = "<group>"; };
		D06046AF17B8098F00FDBE3D /* MessageList.m */ = {isa = PBXFileReference; fileEncoding = 4; lastKnownFileType = sourcecode.c.objc; name = MessageList.m; path = SQS/MessageList.m; sourceTree = "<group>"; };
		D06046B017B8098F00FDBE3D /* QueueList.h */ = {isa = PBXFileReference; fileEncoding = 4; lastKnownFileType = sourcecode.c.h; name = QueueList.h; path = SQS/QueueList.h; sourceTree = "<group>"; };
		D06046B117B8098F00FDBE3D /* QueueList.m */ = {isa = PBXFileReference; fileEncoding = 4; lastKnownFileType = sourcecode.c.objc; name = QueueList.m; path = SQS/QueueList.m; sourceTree = "<group>"; };
		D06046B217B8098F00FDBE3D /* SendMessage.h */ = {isa = PBXFileReference; fileEncoding = 4; lastKnownFileType = sourcecode.c.h; name = SendMessage.h; path = SQS/SendMessage.h; sourceTree = "<group>"; };
		D06046B317B8098F00FDBE3D /* SendMessage.m */ = {isa = PBXFileReference; fileEncoding = 4; lastKnownFileType = sourcecode.c.objc; name = SendMessage.m; path = SQS/SendMessage.m; sourceTree = "<group>"; };
		D06046B417B8098F00FDBE3D /* SendMessage.xib */ = {isa = PBXFileReference; fileEncoding = 4; lastKnownFileType = file.xib; name = SendMessage.xib; path = SQS/SendMessage.xib; sourceTree = "<group>"; };
		D06046BD17B8099C00FDBE3D /* image1.png */ = {isa = PBXFileReference; lastKnownFileType = image.png; path = image1.png; sourceTree = "<group>"; };
		D06046BE17B8099C00FDBE3D /* image2.png */ = {isa = PBXFileReference; lastKnownFileType = image.png; path = image2.png; sourceTree = "<group>"; };
		D06046BF17B8099C00FDBE3D /* image3.png */ = {isa = PBXFileReference; lastKnownFileType = image.png; path = image3.png; sourceTree = "<group>"; };
		D06046C017B8099C00FDBE3D /* temp.txt */ = {isa = PBXFileReference; fileEncoding = 4; lastKnownFileType = text; path = temp.txt; sourceTree = "<group>"; };
		D0B715B713E73AC2006220BB /* AmazonClientManager.h */ = {isa = PBXFileReference; fileEncoding = 4; lastKnownFileType = sourcecode.c.h; path = AmazonClientManager.h; sourceTree = "<group>"; };
		D0B715B813E73AC2006220BB /* AmazonClientManager.m */ = {isa = PBXFileReference; fileEncoding = 4; lastKnownFileType = sourcecode.c.objc; path = AmazonClientManager.m; sourceTree = "<group>"; };
		D0B715B913E73AC2006220BB /* Constants.h */ = {isa = PBXFileReference; fileEncoding = 4; lastKnownFileType = sourcecode.c.h; path = Constants.h; sourceTree = "<group>"; };
		D0B715BA13E73AC2006220BB /* Constants.m */ = {isa = PBXFileReference; fileEncoding = 4; lastKnownFileType = sourcecode.c.objc; path = Constants.m; sourceTree = "<group>"; };
		D0B7163613E7445B006220BB /* Security.framework */ = {isa = PBXFileReference; lastKnownFileType = wrapper.framework; name = Security.framework; path = System/Library/Frameworks/Security.framework; sourceTree = SDKROOT; };
/* End PBXFileReference section */

/* Begin PBXFrameworksBuildPhase section */
		D00F7D3013E737B900C72263 /* Frameworks */ = {
			isa = PBXFrameworksBuildPhase;
			buildActionMask = 2147483647;
			files = (
				D0B7163713E7445B006220BB /* Security.framework in Frameworks */,
				D00F7D3813E737B900C72263 /* UIKit.framework in Frameworks */,
				D00F7D3A13E737B900C72263 /* Foundation.framework in Frameworks */,
				D00F7D3C13E737B900C72263 /* CoreGraphics.framework in Frameworks */,
			);
			runOnlyForDeploymentPostprocessing = 0;
		};
/* End PBXFrameworksBuildPhase section */

/* Begin PBXGroup section */
		CE65E856160BA0DE000F1A54 /* TestData */ = {
			isa = PBXGroup;
			children = (
				D06046BD17B8099C00FDBE3D /* image1.png */,
				D06046BE17B8099C00FDBE3D /* image2.png */,
				D06046BF17B8099C00FDBE3D /* image3.png */,
				D06046C017B8099C00FDBE3D /* temp.txt */,
			);
			name = TestData;
			sourceTree = "<group>";
		};
		CE65E888160BA5EF000F1A54 /* S3 */ = {
			isa = PBXGroup;
			children = (
				D060466B17B8095400FDBE3D /* AddBucketViewController.h */,
				D060466C17B8095400FDBE3D /* AddBucketViewController.m */,
				D060466D17B8095400FDBE3D /* AddBucketViewController.xib */,
				D060466E17B8095400FDBE3D /* AddObjectViewController.h */,
				D060466F17B8095400FDBE3D /* AddObjectViewController.m */,
				D060467017B8095400FDBE3D /* AddObjectViewController.xib */,
				D060467117B8095400FDBE3D /* AsyncImageDownloader.h */,
				D060467217B8095400FDBE3D /* AsyncImageDownloader.m */,
				D060467317B8095400FDBE3D /* AsyncImageUploader.h */,
				D060467417B8095400FDBE3D /* AsyncImageUploader.m */,
				D060467517B8095400FDBE3D /* BucketList.h */,
				D060467617B8095400FDBE3D /* BucketList.m */,
				D060467717B8095400FDBE3D /* ObjectListing.h */,
				D060467817B8095400FDBE3D /* ObjectListing.m */,
				D060467917B8095400FDBE3D /* ObjectViewController.h */,
				D060467A17B8095400FDBE3D /* ObjectViewController.m */,
				D060467B17B8095400FDBE3D /* ObjectViewController.xib */,
				D060467C17B8095400FDBE3D /* S3AsyncViewController.h */,
				D060467D17B8095400FDBE3D /* S3AsyncViewController.m */,
				D060467E17B8095400FDBE3D /* S3AsyncViewController.xib */,
				D060467F17B8095400FDBE3D /* S3NSOperationDemoView.xib */,
				D060468017B8095400FDBE3D /* S3NSOperationDemoViewController.h */,
				D060468117B8095400FDBE3D /* S3NSOperationDemoViewController.m */,
				D060468217B8095400FDBE3D /* S3ResponseHandler.h */,
				D060468317B8095400FDBE3D /* S3ResponseHandler.m */,
			);
			name = S3;
			sourceTree = "<group>";
		};
		CE65E889160BA604000F1A54 /* SDB */ = {
			isa = PBXGroup;
			children = (
				D060469417B8097C00FDBE3D /* DomainList.h */,
				D060469517B8097C00FDBE3D /* DomainList.m */,
				D060469617B8097C00FDBE3D /* ItemListing.h */,
				D060469717B8097C00FDBE3D /* ItemListing.m */,
				D060469817B8097C00FDBE3D /* ItemViewController.h */,
				D060469917B8097C00FDBE3D /* ItemViewController.m */,
				D060469A17B8097C00FDBE3D /* SdbAsyncViewController.h */,
				D060469B17B8097C00FDBE3D /* SdbAsyncViewController.m */,
				D060469C17B8097C00FDBE3D /* SdbAsyncViewController.xib */,
				D060469D17B8097C00FDBE3D /* SdbRequestDelegate.h */,
				D060469E17B8097C00FDBE3D /* SdbRequestDelegate.m */,
			);
			name = SDB;
			sourceTree = "<group>";
		};
		CE65E88A160BA620000F1A54 /* SNS */ = {
			isa = PBXGroup;
			children = (
				D06046A517B8098600FDBE3D /* TopicList.h */,
				D06046A617B8098600FDBE3D /* TopicList.m */,
			);
			name = SNS;
			sourceTree = "<group>";
		};
		CE65E88B160BA625000F1A54 /* SQS */ = {
			isa = PBXGroup;
			children = (
				D06046A817B8098F00FDBE3D /* AddQueue.h */,
				D06046A917B8098F00FDBE3D /* AddQueue.m */,
				D06046AA17B8098F00FDBE3D /* AddQueue.xib */,
				D06046AB17B8098F00FDBE3D /* Message.h */,
				D06046AC17B8098F00FDBE3D /* Message.m */,
				D06046AD17B8098F00FDBE3D /* Message.xib */,
				D06046AE17B8098F00FDBE3D /* MessageList.h */,
				D06046AF17B8098F00FDBE3D /* MessageList.m */,
				D06046B017B8098F00FDBE3D /* QueueList.h */,
				D06046B117B8098F00FDBE3D /* QueueList.m */,
				D06046B217B8098F00FDBE3D /* SendMessage.h */,
				D06046B317B8098F00FDBE3D /* SendMessage.m */,
				D06046B417B8098F00FDBE3D /* SendMessage.xib */,
			);
			name = SQS;
			sourceTree = "<group>";
		};
		D00F7D2813E737B900C72263 = {
			isa = PBXGroup;
			children = (
				D00F7D3D13E737B900C72263 /* AWSiOSDemoTVM */,
				D00F7D3613E737B900C72263 /* Frameworks */,
				D00F7D3413E737B900C72263 /* Products */,
			);
			sourceTree = "<group>";
		};
		D00F7D3413E737B900C72263 /* Products */ = {
			isa = PBXGroup;
			children = (
				D00F7D3313E737B900C72263 /* AWSiOSDemoTVM.app */,
			);
			name = Products;
			sourceTree = "<group>";
		};
		D00F7D3613E737B900C72263 /* Frameworks */ = {
			isa = PBXGroup;
			children = (
				D0B7163613E7445B006220BB /* Security.framework */,
				D00F7D3713E737B900C72263 /* UIKit.framework */,
				D00F7D3913E737B900C72263 /* Foundation.framework */,
				D00F7D3B13E737B900C72263 /* CoreGraphics.framework */,
			);
			name = Frameworks;
			sourceTree = "<group>";
		};
		D00F7D3D13E737B900C72263 /* AWSiOSDemoTVM */ = {
			isa = PBXGroup;
			children = (
				D0B715B613E73AC2006220BB /* Classes */,
				D00F7D3E13E737B900C72263 /* Supporting Files */,
			);
			path = AWSiOSDemoTVM;
			sourceTree = "<group>";
		};
		D00F7D3E13E737B900C72263 /* Supporting Files */ = {
			isa = PBXGroup;
			children = (
				CE65E854160B9DEC000F1A54 /* Default-568h@2x.png */,
				D00F7D3F13E737B900C72263 /* Info.plist */,
				D00F7D4013E737B900C72263 /* InfoPlist.strings */,
				D00F7D4313E737B900C72263 /* AWSiOSDemoTVM-Prefix.pch */,
				D00F7D4413E737B900C72263 /* main.m */,
			);
			name = "Supporting Files";
			sourceTree = "<group>";
		};
		D02A9F9913E762850007810F /* TVMClient */ = {
			isa = PBXGroup;
			children = (
				D02A9F9C13E762850007810F /* AmazonTVMClient.h */,
				D02A9F9D13E762850007810F /* AmazonTVMClient.m */,
				D02A9F9A13E762850007810F /* AmazonKeyChainWrapper.h */,
				D02A9F9B13E762850007810F /* AmazonKeyChainWrapper.m */,
				D02A9F9E13E762850007810F /* Crypto.h */,
				D02A9F9F13E762850007810F /* Crypto.m */,
				D02A9FA013E762850007810F /* GetTokenRequest.h */,
				D02A9FA113E762850007810F /* GetTokenRequest.m */,
				D02A9FA213E762850007810F /* GetTokenResponse.h */,
				D02A9FA313E762850007810F /* GetTokenResponse.m */,
				D02A9FA413E762850007810F /* GetTokenResponseHandler.h */,
				D02A9FA513E762850007810F /* GetTokenResponseHandler.m */,
				D02A9FA613E762850007810F /* JSONUtilities.h */,
				D02A9FA713E762850007810F /* JSONUtilities.m */,
				D02A9FA813E762850007810F /* RegisterDeviceRequest.h */,
				D02A9FA913E762850007810F /* RegisterDeviceRequest.m */,
				D02A9FAA13E762850007810F /* Request.h */,
				D02A9FAB13E762850007810F /* Request.m */,
				D02A9FAC13E762850007810F /* RequestDelegate.h */,
				D02A9FAD13E762850007810F /* RequestDelegate.m */,
				D02A9FAE13E762850007810F /* Response.h */,
				D02A9FAF13E762850007810F /* Response.m */,
				D02A9FB013E762850007810F /* ResponseHandler.h */,
				D02A9FB113E762850007810F /* ResponseHandler.m */,
			);
			path = TVMClient;
			sourceTree = "<group>";
		};
		D0B715B613E73AC2006220BB /* Classes */ = {
			isa = PBXGroup;
			children = (
				D00F7D4613E737B900C72263 /* AppDelegate.h */,
				D00F7D4713E737B900C72263 /* AppDelegate.m */,
				D00F7D4C13E737B900C72263 /* AWSiOSDemoTVMViewController.h */,
				D00F7D4D13E737B900C72263 /* AWSiOSDemoTVMViewController.m */,
				D00F7D4F13E737B900C72263 /* AWSiOSDemoTVMViewController.xib */,
				D0B715B713E73AC2006220BB /* AmazonClientManager.h */,
				D0B715B813E73AC2006220BB /* AmazonClientManager.m */,
				D0B715B913E73AC2006220BB /* Constants.h */,
				D0B715BA13E73AC2006220BB /* Constants.m */,
				CE65E888160BA5EF000F1A54 /* S3 */,
				CE65E889160BA604000F1A54 /* SDB */,
				CE65E88A160BA620000F1A54 /* SNS */,
				CE65E88B160BA625000F1A54 /* SQS */,
				D02A9F9913E762850007810F /* TVMClient */,
				CE65E856160BA0DE000F1A54 /* TestData */,
			);
			path = Classes;
			sourceTree = "<group>";
		};
/* End PBXGroup section */

/* Begin PBXNativeTarget section */
		D00F7D3213E737B900C72263 /* AWSiOSDemoTVM */ = {
			isa = PBXNativeTarget;
			buildConfigurationList = D00F7D5413E737B900C72263 /* Build configuration list for PBXNativeTarget "AWSiOSDemoTVM" */;
			buildPhases = (
				D00F7D2F13E737B900C72263 /* Sources */,
				D00F7D3013E737B900C72263 /* Frameworks */,
				D00F7D3113E737B900C72263 /* Resources */,
			);
			buildRules = (
			);
			dependencies = (
			);
			name = AWSiOSDemoTVM;
			productName = AWSiOSDemoTVM;
			productReference = D00F7D3313E737B900C72263 /* AWSiOSDemoTVM.app */;
			productType = "com.apple.product-type.application";
		};
/* End PBXNativeTarget section */

/* Begin PBXProject section */
		D00F7D2A13E737B900C72263 /* Project object */ = {
			isa = PBXProject;
			attributes = {
				LastUpgradeCheck = 0420;
			};
			buildConfigurationList = D00F7D2D13E737B900C72263 /* Build configuration list for PBXProject "AWSiOSDemoTVM" */;
			compatibilityVersion = "Xcode 3.2";
			developmentRegion = English;
			hasScannedForEncodings = 0;
			knownRegions = (
				en,
			);
			mainGroup = D00F7D2813E737B900C72263;
			productRefGroup = D00F7D3413E737B900C72263 /* Products */;
			projectDirPath = "";
			projectRoot = "";
			targets = (
				D00F7D3213E737B900C72263 /* AWSiOSDemoTVM */,
			);
		};
/* End PBXProject section */

/* Begin PBXResourcesBuildPhase section */
		D00F7D3113E737B900C72263 /* Resources */ = {
			isa = PBXResourcesBuildPhase;
			buildActionMask = 2147483647;
			files = (
				D00F7D4213E737B900C72263 /* InfoPlist.strings in Resources */,
				D00F7D5113E737B900C72263 /* AWSiOSDemoTVMViewController.xib in Resources */,
				CE65E855160B9DEC000F1A54 /* Default-568h@2x.png in Resources */,
				D060468517B8095400FDBE3D /* AddBucketViewController.xib in Resources */,
				D060468717B8095400FDBE3D /* AddObjectViewController.xib in Resources */,
				D060468D17B8095400FDBE3D /* ObjectViewController.xib in Resources */,
				D060468F17B8095400FDBE3D /* S3AsyncViewController.xib in Resources */,
				D060469017B8095400FDBE3D /* S3NSOperationDemoView.xib in Resources */,
				D06046A317B8097C00FDBE3D /* SdbAsyncViewController.xib in Resources */,
				D06046B617B8098F00FDBE3D /* AddQueue.xib in Resources */,
				D06046B817B8098F00FDBE3D /* Message.xib in Resources */,
				D06046BC17B8098F00FDBE3D /* SendMessage.xib in Resources */,
				D06046C117B8099C00FDBE3D /* image1.png in Resources */,
				D06046C217B8099C00FDBE3D /* image2.png in Resources */,
				D06046C317B8099C00FDBE3D /* image3.png in Resources */,
				D06046C417B8099C00FDBE3D /* temp.txt in Resources */,
			);
			runOnlyForDeploymentPostprocessing = 0;
		};
/* End PBXResourcesBuildPhase section */

/* Begin PBXSourcesBuildPhase section */
		D00F7D2F13E737B900C72263 /* Sources */ = {
			isa = PBXSourcesBuildPhase;
			buildActionMask = 2147483647;
			files = (
				D00F7D4513E737B900C72263 /* main.m in Sources */,
				D00F7D4813E737B900C72263 /* AppDelegate.m in Sources */,
				D00F7D4E13E737B900C72263 /* AWSiOSDemoTVMViewController.m in Sources */,
				D0B715F413E73AC3006220BB /* AmazonClientManager.m in Sources */,
				D0B715F513E73AC3006220BB /* Constants.m in Sources */,
				D02A9FB213E762850007810F /* AmazonKeyChainWrapper.m in Sources */,
				D02A9FB313E762850007810F /* AmazonTVMClient.m in Sources */,
				D02A9FB413E762850007810F /* Crypto.m in Sources */,
				D02A9FB513E762850007810F /* GetTokenRequest.m in Sources */,
				D02A9FB613E762850007810F /* GetTokenResponse.m in Sources */,
				D02A9FB713E762850007810F /* GetTokenResponseHandler.m in Sources */,
				D02A9FB813E762850007810F /* JSONUtilities.m in Sources */,
				D02A9FB913E762850007810F /* RegisterDeviceRequest.m in Sources */,
				D02A9FBA13E762850007810F /* Request.m in Sources */,
				D02A9FBB13E762850007810F /* RequestDelegate.m in Sources */,
				D02A9FBC13E762850007810F /* Response.m in Sources */,
				D02A9FBD13E762850007810F /* ResponseHandler.m in Sources */,
				D060468417B8095400FDBE3D /* AddBucketViewController.m in Sources */,
				D060468617B8095400FDBE3D /* AddObjectViewController.m in Sources */,
				D060468817B8095400FDBE3D /* AsyncImageDownloader.m in Sources */,
				D060468917B8095400FDBE3D /* AsyncImageUploader.m in Sources */,
				D060468A17B8095400FDBE3D /* BucketList.m in Sources */,
				D060468B17B8095400FDBE3D /* ObjectListing.m in Sources */,
				D060468C17B8095400FDBE3D /* ObjectViewController.m in Sources */,
				D060468E17B8095400FDBE3D /* S3AsyncViewController.m in Sources */,
				D060469117B8095400FDBE3D /* S3NSOperationDemoViewController.m in Sources */,
				D060469217B8095400FDBE3D /* S3ResponseHandler.m in Sources */,
				D060469F17B8097C00FDBE3D /* DomainList.m in Sources */,
				D06046A017B8097C00FDBE3D /* ItemListing.m in Sources */,
				D06046A117B8097C00FDBE3D /* ItemViewController.m in Sources */,
				D06046A217B8097C00FDBE3D /* SdbAsyncViewController.m in Sources */,
				D06046A417B8097C00FDBE3D /* SdbRequestDelegate.m in Sources */,
				D06046A717B8098600FDBE3D /* TopicList.m in Sources */,
				D06046B517B8098F00FDBE3D /* AddQueue.m in Sources */,
				D06046B717B8098F00FDBE3D /* Message.m in Sources */,
				D06046B917B8098F00FDBE3D /* MessageList.m in Sources */,
				D06046BA17B8098F00FDBE3D /* QueueList.m in Sources */,
				D06046BB17B8098F00FDBE3D /* SendMessage.m in Sources */,
			);
			runOnlyForDeploymentPostprocessing = 0;
		};
/* End PBXSourcesBuildPhase section */

/* Begin PBXVariantGroup section */
		D00F7D4013E737B900C72263 /* InfoPlist.strings */ = {
			isa = PBXVariantGroup;
			children = (
				D00F7D4113E737B900C72263 /* en */,
			);
			name = InfoPlist.strings;
			sourceTree = "<group>";
		};
		D00F7D4F13E737B900C72263 /* AWSiOSDemoTVMViewController.xib */ = {
			isa = PBXVariantGroup;
			children = (
				D00F7D5013E737B900C72263 /* en */,
			);
			name = AWSiOSDemoTVMViewController.xib;
			path = ..;
			sourceTree = "<group>";
		};
/* End PBXVariantGroup section */

/* Begin XCBuildConfiguration section */
		D00F7D5213E737B900C72263 /* Debug */ = {
			isa = XCBuildConfiguration;
			buildSettings = {
				ARCHS = "$(ARCHS_STANDARD_32_BIT)";
				"CODE_SIGN_IDENTITY[sdk=iphoneos*]" = "iPhone Developer";
				GCC_C_LANGUAGE_STANDARD = gnu99;
				GCC_OPTIMIZATION_LEVEL = 0;
				GCC_PREPROCESSOR_DEFINITIONS = DEBUG;
				GCC_SYMBOLS_PRIVATE_EXTERN = NO;
				GCC_VERSION = com.apple.compilers.llvmgcc42;
				GCC_WARN_ABOUT_RETURN_TYPE = YES;
				GCC_WARN_UNUSED_VARIABLE = YES;
				IPHONEOS_DEPLOYMENT_TARGET = 4.3;
				SDKROOT = iphoneos;
			};
			name = Debug;
		};
		D00F7D5313E737B900C72263 /* Release */ = {
			isa = XCBuildConfiguration;
			buildSettings = {
				ARCHS = "$(ARCHS_STANDARD_32_BIT)";
				"CODE_SIGN_IDENTITY[sdk=iphoneos*]" = "iPhone Developer";
				GCC_C_LANGUAGE_STANDARD = gnu99;
				GCC_VERSION = com.apple.compilers.llvmgcc42;
				GCC_WARN_ABOUT_RETURN_TYPE = YES;
				GCC_WARN_UNUSED_VARIABLE = YES;
				IPHONEOS_DEPLOYMENT_TARGET = 4.3;
				OTHER_CFLAGS = "-DNS_BLOCK_ASSERTIONS=1";
				SDKROOT = iphoneos;
			};
			name = Release;
		};
		D00F7D5513E737B900C72263 /* Debug */ = {
			isa = XCBuildConfiguration;
			buildSettings = {
				ALWAYS_SEARCH_USER_PATHS = NO;
				COPY_PHASE_STRIP = NO;
				FRAMEWORK_SEARCH_PATHS = "$(inherited)";
				GCC_DYNAMIC_NO_PIC = NO;
				GCC_PRECOMPILE_PREFIX_HEADER = YES;
				GCC_PREFIX_HEADER = "AWSiOSDemoTVM/AWSiOSDemoTVM-Prefix.pch";
				GCC_VERSION = com.apple.compilers.llvm.clang.1_0;
				INFOPLIST_FILE = "$(SRCROOT)/AWSiOSDemoTVM/Info.plist";
				IPHONEOS_DEPLOYMENT_TARGET = 4.3;
				PRODUCT_NAME = "$(TARGET_NAME)";
				WRAPPER_EXTENSION = app;
			};
			name = Debug;
		};
		D00F7D5613E737B900C72263 /* Release */ = {
			isa = XCBuildConfiguration;
			buildSettings = {
				ALWAYS_SEARCH_USER_PATHS = NO;
				COPY_PHASE_STRIP = YES;
				FRAMEWORK_SEARCH_PATHS = "$(inherited)";
				GCC_PRECOMPILE_PREFIX_HEADER = YES;
				GCC_PREFIX_HEADER = "AWSiOSDemoTVM/AWSiOSDemoTVM-Prefix.pch";
				GCC_VERSION = com.apple.compilers.llvm.clang.1_0;
				INFOPLIST_FILE = "$(SRCROOT)/AWSiOSDemoTVM/Info.plist";
				IPHONEOS_DEPLOYMENT_TARGET = 4.3;
				PRODUCT_NAME = "$(TARGET_NAME)";
				VALIDATE_PRODUCT = YES;
				WRAPPER_EXTENSION = app;
			};
			name = Release;
		};
/* End XCBuildConfiguration section */

/* Begin XCConfigurationList section */
		D00F7D2D13E737B900C72263 /* Build configuration list for PBXProject "AWSiOSDemoTVM" */ = {
			isa = XCConfigurationList;
			buildConfigurations = (
				D00F7D5213E737B900C72263 /* Debug */,
				D00F7D5313E737B900C72263 /* Release */,
			);
			defaultConfigurationIsVisible = 0;
			defaultConfigurationName = Release;
		};
		D00F7D5413E737B900C72263 /* Build configuration list for PBXNativeTarget "AWSiOSDemoTVM" */ = {
			isa = XCConfigurationList;
			buildConfigurations = (
				D00F7D5513E737B900C72263 /* Debug */,
				D00F7D5613E737B900C72263 /* Release */,
			);
			defaultConfigurationIsVisible = 0;
			defaultConfigurationName = Release;
		};
/* End XCConfigurationList section */
	};
	rootObject = D00F7D2A13E737B900C72263 /* Project object */;
}
